// !$*UTF8*$!
{
	archiveVersion = 1;
	classes = {
	};
	objectVersion = 46;
	objects = {

/* Begin PBXBuildFile section */
		90121CEE1C34E1E400D4075D /* MultiThreadViewController.m in Sources */ = {isa = PBXBuildFile; fileRef = 90121CED1C34E1E400D4075D /* MultiThreadViewController.m */; };
		90121CF11C35153E00D4075D /* RunloopViewController.m in Sources */ = {isa = PBXBuildFile; fileRef = 90121CF01C35153E00D4075D /* RunloopViewController.m */; };
		904677CA1C1E71420026F096 /* main.m in Sources */ = {isa = PBXBuildFile; fileRef = 904677C91C1E71420026F096 /* main.m */; };
		904677CD1C1E71420026F096 /* AppDelegate.m in Sources */ = {isa = PBXBuildFile; fileRef = 904677CC1C1E71420026F096 /* AppDelegate.m */; };
		904677D01C1E71420026F096 /* ViewController.m in Sources */ = {isa = PBXBuildFile; fileRef = 904677CF1C1E71420026F096 /* ViewController.m */; };
		904677D31C1E71420026F096 /* Main.storyboard in Resources */ = {isa = PBXBuildFile; fileRef = 904677D11C1E71420026F096 /* Main.storyboard */; };
		904677D61C1E71420026F096 /* Project_iOS.xcdatamodeld in Sources */ = {isa = PBXBuildFile; fileRef = 904677D41C1E71420026F096 /* Project_iOS.xcdatamodeld */; };
		904677D81C1E71420026F096 /* Assets.xcassets in Resources */ = {isa = PBXBuildFile; fileRef = 904677D71C1E71420026F096 /* Assets.xcassets */; };
		904678931C1E73F60026F096 /* CALayer+Add.m in Sources */ = {isa = PBXBuildFile; fileRef = 904677E51C1E73F60026F096 /* CALayer+Add.m */; };
		904678941C1E73F60026F096 /* NSBundle+Scale.m in Sources */ = {isa = PBXBuildFile; fileRef = 904677E71C1E73F60026F096 /* NSBundle+Scale.m */; };
		904678951C1E73F60026F096 /* NSDate+NSDateExt.m in Sources */ = {isa = PBXBuildFile; fileRef = 904677E91C1E73F60026F096 /* NSDate+NSDateExt.m */; };
		904678961C1E73F60026F096 /* NSDictionary+NSDictionaryExt.m in Sources */ = {isa = PBXBuildFile; fileRef = 904677EB1C1E73F60026F096 /* NSDictionary+NSDictionaryExt.m */; };
		904678971C1E73F60026F096 /* NSKeyedUnarchiver+ExceptionCatch.m in Sources */ = {isa = PBXBuildFile; fileRef = 904677ED1C1E73F60026F096 /* NSKeyedUnarchiver+ExceptionCatch.m */; };
		904678981C1E73F60026F096 /* NSObject-ClassName.m in Sources */ = {isa = PBXBuildFile; fileRef = 904677EF1C1E73F60026F096 /* NSObject-ClassName.m */; };
		904678991C1E73F60026F096 /* NSString+NSStringEx.m in Sources */ = {isa = PBXBuildFile; fileRef = 904677F11C1E73F60026F096 /* NSString+NSStringEx.m */; };
		9046789A1C1E73F60026F096 /* NSDictionary-DeepMutableCopy.m in Sources */ = {isa = PBXBuildFile; fileRef = 904677F41C1E73F60026F096 /* NSDictionary-DeepMutableCopy.m */; };
		9046789B1C1E73F60026F096 /* SMS_HYZBadgeView.m in Sources */ = {isa = PBXBuildFile; fileRef = 904677F61C1E73F60026F096 /* SMS_HYZBadgeView.m */; };
		9046789C1C1E73F60026F096 /* UIBarButtonItem+Image.m in Sources */ = {isa = PBXBuildFile; fileRef = 904677F81C1E73F60026F096 /* UIBarButtonItem+Image.m */; };
		9046789D1C1E73F60026F096 /* UIButton+Addictions.m in Sources */ = {isa = PBXBuildFile; fileRef = 904677FA1C1E73F60026F096 /* UIButton+Addictions.m */; };
		9046789E1C1E73F60026F096 /* UIButton+RHCUIButtonExt.m in Sources */ = {isa = PBXBuildFile; fileRef = 904677FC1C1E73F60026F096 /* UIButton+RHCUIButtonExt.m */; };
		9046789F1C1E73F60026F096 /* UIControl+Add.m in Sources */ = {isa = PBXBuildFile; fileRef = 904677FE1C1E73F60026F096 /* UIControl+Add.m */; };
		904678A01C1E73F60026F096 /* UIDevice+Addtional.m in Sources */ = {isa = PBXBuildFile; fileRef = 904678001C1E73F60026F096 /* UIDevice+Addtional.m */; };
		904678A11C1E73F60026F096 /* UIDevice+UIDeviceExt.m in Sources */ = {isa = PBXBuildFile; fileRef = 904678021C1E73F60026F096 /* UIDevice+UIDeviceExt.m */; };
		904678A21C1E73F60026F096 /* UIFont+Ext.m in Sources */ = {isa = PBXBuildFile; fileRef = 904678041C1E73F60026F096 /* UIFont+Ext.m */; };
		904678A31C1E73F60026F096 /* UIImage+Addtional.m in Sources */ = {isa = PBXBuildFile; fileRef = 904678061C1E73F60026F096 /* UIImage+Addtional.m */; };
		904678A41C1E73F60026F096 /* UINavigationBar+Image.m in Sources */ = {isa = PBXBuildFile; fileRef = 904678081C1E73F60026F096 /* UINavigationBar+Image.m */; };
		904678A51C1E73F60026F096 /* UITableViewAdditions.m in Sources */ = {isa = PBXBuildFile; fileRef = 9046780A1C1E73F60026F096 /* UITableViewAdditions.m */; };
		904678A61C1E73F60026F096 /* UIView+Additions.m in Sources */ = {isa = PBXBuildFile; fileRef = 9046780C1C1E73F60026F096 /* UIView+Additions.m */; };
		904678A71C1E73F60026F096 /* UIWindow+RscExt.m in Sources */ = {isa = PBXBuildFile; fileRef = 9046780E1C1E73F60026F096 /* UIWindow+RscExt.m */; };
		904678A81C1E73F60026F096 /* BaseViewController.m in Sources */ = {isa = PBXBuildFile; fileRef = 904678111C1E73F60026F096 /* BaseViewController.m */; };
		904678A91C1E73F60026F096 /* AppNavigationController.m in Sources */ = {isa = PBXBuildFile; fileRef = 904678141C1E73F60026F096 /* AppNavigationController.m */; };
		904678AA1C1E73F60026F096 /* AppNavigator.m in Sources */ = {isa = PBXBuildFile; fileRef = 904678161C1E73F60026F096 /* AppNavigator.m */; };
		904678AE1C1E73F60026F096 /* lt.ttf in Resources */ = {isa = PBXBuildFile; fileRef = 904678201C1E73F60026F096 /* lt.ttf */; };
		904678AF1C1E73F60026F096 /* resource_common.bundle in Resources */ = {isa = PBXBuildFile; fileRef = 904678211C1E73F60026F096 /* resource_common.bundle */; };
		904678B01C1E73F60026F096 /* skin_default.bundle in Resources */ = {isa = PBXBuildFile; fileRef = 904678221C1E73F60026F096 /* skin_default.bundle */; };
		904678BA1C1E73F60026F096 /* GTMBase64.m in Sources */ = {isa = PBXBuildFile; fileRef = 9046783A1C1E73F60026F096 /* GTMBase64.m */; };
		904678BB1C1E73F60026F096 /* GTMStackTrace.m in Sources */ = {isa = PBXBuildFile; fileRef = 9046783D1C1E73F60026F096 /* GTMStackTrace.m */; };
		904678C71C1E73F60026F096 /* TAAbstractDotView.m in Sources */ = {isa = PBXBuildFile; fileRef = 9046785C1C1E73F60026F096 /* TAAbstractDotView.m */; };
		904678C81C1E73F60026F096 /* TAAnimatedDotView.m in Sources */ = {isa = PBXBuildFile; fileRef = 9046785E1C1E73F60026F096 /* TAAnimatedDotView.m */; };
		904678C91C1E73F60026F096 /* TADotView.m in Sources */ = {isa = PBXBuildFile; fileRef = 904678601C1E73F60026F096 /* TADotView.m */; };
		904678CA1C1E73F60026F096 /* TAPageControl.m in Sources */ = {isa = PBXBuildFile; fileRef = 904678621C1E73F60026F096 /* TAPageControl.m */; };
		904678CB1C1E73F60026F096 /* SDCollectionViewCell.m in Sources */ = {isa = PBXBuildFile; fileRef = 904678641C1E73F60026F096 /* SDCollectionViewCell.m */; };
		904678CC1C1E73F60026F096 /* SDCycleScrollView.m in Sources */ = {isa = PBXBuildFile; fileRef = 904678661C1E73F60026F096 /* SDCycleScrollView.m */; };
		904678CD1C1E73F60026F096 /* UIView+SDExtension.m in Sources */ = {isa = PBXBuildFile; fileRef = 904678681C1E73F60026F096 /* UIView+SDExtension.m */; };
		904678CE1C1E73F60026F096 /* MKAnnotationView+WebCache.m in Sources */ = {isa = PBXBuildFile; fileRef = 9046786B1C1E73F60026F096 /* MKAnnotationView+WebCache.m */; };
		904678CF1C1E73F60026F096 /* NSData+ImageContentType.m in Sources */ = {isa = PBXBuildFile; fileRef = 9046786D1C1E73F60026F096 /* NSData+ImageContentType.m */; };
		904678D01C1E73F60026F096 /* SDImageCache.m in Sources */ = {isa = PBXBuildFile; fileRef = 9046786F1C1E73F60026F096 /* SDImageCache.m */; };
		904678D11C1E73F60026F096 /* SDWebImageCompat.m in Sources */ = {isa = PBXBuildFile; fileRef = 904678711C1E73F60026F096 /* SDWebImageCompat.m */; };
		904678D21C1E73F60026F096 /* SDWebImageDecoder.m in Sources */ = {isa = PBXBuildFile; fileRef = 904678731C1E73F60026F096 /* SDWebImageDecoder.m */; };
		904678D31C1E73F60026F096 /* SDWebImageDownloader.m in Sources */ = {isa = PBXBuildFile; fileRef = 904678751C1E73F60026F096 /* SDWebImageDownloader.m */; };
		904678D41C1E73F60026F096 /* SDWebImageDownloaderOperation.m in Sources */ = {isa = PBXBuildFile; fileRef = 904678771C1E73F60026F096 /* SDWebImageDownloaderOperation.m */; };
		904678D51C1E73F60026F096 /* SDWebImageManager.m in Sources */ = {isa = PBXBuildFile; fileRef = 904678791C1E73F60026F096 /* SDWebImageManager.m */; };
		904678D61C1E73F60026F096 /* SDWebImagePrefetcher.m in Sources */ = {isa = PBXBuildFile; fileRef = 9046787C1C1E73F60026F096 /* SDWebImagePrefetcher.m */; };
		904678D71C1E73F60026F096 /* UIButton+WebCache.m in Sources */ = {isa = PBXBuildFile; fileRef = 9046787E1C1E73F60026F096 /* UIButton+WebCache.m */; };
		904678D81C1E73F60026F096 /* UIImage+GIF.m in Sources */ = {isa = PBXBuildFile; fileRef = 904678801C1E73F60026F096 /* UIImage+GIF.m */; };
		904678D91C1E73F60026F096 /* UIImage+MultiFormat.m in Sources */ = {isa = PBXBuildFile; fileRef = 904678821C1E73F60026F096 /* UIImage+MultiFormat.m */; };
		904678DA1C1E73F60026F096 /* UIImage+WebP.m in Sources */ = {isa = PBXBuildFile; fileRef = 904678841C1E73F60026F096 /* UIImage+WebP.m */; };
		904678DB1C1E73F60026F096 /* UIImageView+HighlightedWebCache.m in Sources */ = {isa = PBXBuildFile; fileRef = 904678861C1E73F60026F096 /* UIImageView+HighlightedWebCache.m */; };
		904678DC1C1E73F60026F096 /* UIImageView+WebCache.m in Sources */ = {isa = PBXBuildFile; fileRef = 904678881C1E73F60026F096 /* UIImageView+WebCache.m */; };
		904678DD1C1E73F60026F096 /* UIView+WebCacheOperation.m in Sources */ = {isa = PBXBuildFile; fileRef = 9046788A1C1E73F60026F096 /* UIView+WebCacheOperation.m */; };
		904678DE1C1E73F60026F096 /* CJSONDeserializer.m in Sources */ = {isa = PBXBuildFile; fileRef = 9046788D1C1E73F60026F096 /* CJSONDeserializer.m */; };
		904678DF1C1E73F60026F096 /* CJSONSerializer.m in Sources */ = {isa = PBXBuildFile; fileRef = 9046788F1C1E73F60026F096 /* CJSONSerializer.m */; };
		904678E01C1E73F60026F096 /* NSDictionary_JSONExtensions.m in Sources */ = {isa = PBXBuildFile; fileRef = 904678921C1E73F60026F096 /* NSDictionary_JSONExtensions.m */; };
		9087B54D1C31315A005346C4 /* CLIColor.m in Sources */ = {isa = PBXBuildFile; fileRef = 9087B5371C31315A005346C4 /* CLIColor.m */; };
		9087B54E1C31315A005346C4 /* DDAbstractDatabaseLogger.m in Sources */ = {isa = PBXBuildFile; fileRef = 9087B5391C31315A005346C4 /* DDAbstractDatabaseLogger.m */; };
		9087B54F1C31315A005346C4 /* DDASLLogCapture.m in Sources */ = {isa = PBXBuildFile; fileRef = 9087B53B1C31315A005346C4 /* DDASLLogCapture.m */; };
		9087B5501C31315A005346C4 /* DDASLLogger.m in Sources */ = {isa = PBXBuildFile; fileRef = 9087B53D1C31315A005346C4 /* DDASLLogger.m */; };
		9087B5511C31315A005346C4 /* DDFileLogger.m in Sources */ = {isa = PBXBuildFile; fileRef = 9087B53F1C31315A005346C4 /* DDFileLogger.m */; };
		9087B5521C31315A005346C4 /* DDLog.m in Sources */ = {isa = PBXBuildFile; fileRef = 9087B5421C31315A005346C4 /* DDLog.m */; };
		9087B5531C31315A005346C4 /* DDTTYLogger.m in Sources */ = {isa = PBXBuildFile; fileRef = 9087B5441C31315A005346C4 /* DDTTYLogger.m */; };
		9087B5541C31315A005346C4 /* DDContextFilterLogFormatter.m in Sources */ = {isa = PBXBuildFile; fileRef = 9087B5471C31315A005346C4 /* DDContextFilterLogFormatter.m */; };
		9087B5551C31315A005346C4 /* DDDispatchQueueLogFormatter.m in Sources */ = {isa = PBXBuildFile; fileRef = 9087B5491C31315A005346C4 /* DDDispatchQueueLogFormatter.m */; };
		9087B5561C31315A005346C4 /* DDMultiFormatter.m in Sources */ = {isa = PBXBuildFile; fileRef = 9087B54B1C31315A005346C4 /* DDMultiFormatter.m */; };
		9087B5571C31315A005346C4 /* README.txt in Resources */ = {isa = PBXBuildFile; fileRef = 9087B54C1C31315A005346C4 /* README.txt */; };
		9087B55D1C313C72005346C4 /* FirstRequset.m in Sources */ = {isa = PBXBuildFile; fileRef = 9087B55C1C313C72005346C4 /* FirstRequset.m */; };
		908E6C141C1EB13900CDD941 /* AppTabBarManager.m in Sources */ = {isa = PBXBuildFile; fileRef = 908E6C131C1EB13900CDD941 /* AppTabBarManager.m */; };
		908E6C171C1EB18100CDD941 /* AppTabBarViewController.m in Sources */ = {isa = PBXBuildFile; fileRef = 908E6C161C1EB18100CDD941 /* AppTabBarViewController.m */; };
		908E6C261C1EB3E000CDD941 /* FirstViewController.m in Sources */ = {isa = PBXBuildFile; fileRef = 908E6C251C1EB3E000CDD941 /* FirstViewController.m */; };
		908E6C291C1EB3EF00CDD941 /* SecondViewController.m in Sources */ = {isa = PBXBuildFile; fileRef = 908E6C281C1EB3EF00CDD941 /* SecondViewController.m */; };
		908E6C2C1C1EB3FA00CDD941 /* ThirdViewController.m in Sources */ = {isa = PBXBuildFile; fileRef = 908E6C2B1C1EB3FA00CDD941 /* ThirdViewController.m */; };
		908E6C3A1C1EB52200CDD941 /* PKAnimation+PKType.m in Sources */ = {isa = PBXBuildFile; fileRef = 908E6C301C1EB52200CDD941 /* PKAnimation+PKType.m */; };
		908E6C3B1C1EB52200CDD941 /* UIColor+PKColor.m in Sources */ = {isa = PBXBuildFile; fileRef = 908E6C321C1EB52200CDD941 /* UIColor+PKColor.m */; };
		908E6C3C1C1EB52200CDD941 /* UIFont+PKFont.m in Sources */ = {isa = PBXBuildFile; fileRef = 908E6C341C1EB52200CDD941 /* UIFont+PKFont.m */; };
		908E6C3D1C1EB52200CDD941 /* UIImage+PKImage.m in Sources */ = {isa = PBXBuildFile; fileRef = 908E6C361C1EB52200CDD941 /* UIImage+PKImage.m */; };
		908E6C3E1C1EB52200CDD941 /* PKResManager.m in Sources */ = {isa = PBXBuildFile; fileRef = 908E6C381C1EB52200CDD941 /* PKResManager.m */; };
		90AAFD1D1C2C52B40091E422 /* Realm.framework in Frameworks */ = {isa = PBXBuildFile; fileRef = 90AAFD1C1C2C52B40091E422 /* Realm.framework */; };
		90AAFD1E1C2C52B40091E422 /* Realm.framework in Embed Frameworks */ = {isa = PBXBuildFile; fileRef = 90AAFD1C1C2C52B40091E422 /* Realm.framework */; settings = {ATTRIBUTES = (CodeSignOnCopy, RemoveHeadersOnCopy, ); }; };
		90AAFD221C2C57360091E422 /* DTouchViewCell.m in Sources */ = {isa = PBXBuildFile; fileRef = 90AAFD211C2C57360091E422 /* DTouchViewCell.m */; };
		90B2A42A1C34278A00739018 /* UITableView+SDAutoTableViewCellHeight.m in Sources */ = {isa = PBXBuildFile; fileRef = 90B2A4271C34278A00739018 /* UITableView+SDAutoTableViewCellHeight.m */; };
		90B2A42B1C34278A00739018 /* UIView+SDAutoLayout.m in Sources */ = {isa = PBXBuildFile; fileRef = 90B2A4291C34278A00739018 /* UIView+SDAutoLayout.m */; };
		90B2A42E1C3427CE00739018 /* CellAutoLayoutViewController.m in Sources */ = {isa = PBXBuildFile; fileRef = 90B2A42D1C3427CE00739018 /* CellAutoLayoutViewController.m */; };
		90B2A4311C34291200739018 /* CellAutoLayoutCell.m in Sources */ = {isa = PBXBuildFile; fileRef = 90B2A4301C34291200739018 /* CellAutoLayoutCell.m */; };
		90B2A4341C3429C900739018 /* AutoLayoutModel.m in Sources */ = {isa = PBXBuildFile; fileRef = 90B2A4331C3429C900739018 /* AutoLayoutModel.m */; };
		90C7F2F81C1FF89C003289EA /* BaseRequset.m in Sources */ = {isa = PBXBuildFile; fileRef = 90C7F2F71C1FF89C003289EA /* BaseRequset.m */; };
		90C7F2FB1C1FF911003289EA /* AppContext.m in Sources */ = {isa = PBXBuildFile; fileRef = 90C7F2FA1C1FF911003289EA /* AppContext.m */; };
		90C7F2FE1C1FFB6A003289EA /* extError.m in Sources */ = {isa = PBXBuildFile; fileRef = 90C7F2FD1C1FFB6A003289EA /* extError.m */; };
		90C7F4021C200037003289EA /* UIKit.framework in Frameworks */ = {isa = PBXBuildFile; fileRef = 90C7F4011C200037003289EA /* UIKit.framework */; };
		90C7F4041C20003E003289EA /* CoreFoundation.framework in Frameworks */ = {isa = PBXBuildFile; fileRef = 90C7F4031C20003E003289EA /* CoreFoundation.framework */; };
		90C7F4061C200045003289EA /* CoreText.framework in Frameworks */ = {isa = PBXBuildFile; fileRef = 90C7F4051C200045003289EA /* CoreText.framework */; };
		90C7F4081C20004C003289EA /* CoreGraphics.framework in Frameworks */ = {isa = PBXBuildFile; fileRef = 90C7F4071C20004C003289EA /* CoreGraphics.framework */; };
		90C7F40A1C200053003289EA /* CoreImage.framework in Frameworks */ = {isa = PBXBuildFile; fileRef = 90C7F4091C200053003289EA /* CoreImage.framework */; };
		90C7F40C1C20005B003289EA /* QuartzCore.framework in Frameworks */ = {isa = PBXBuildFile; fileRef = 90C7F40B1C20005B003289EA /* QuartzCore.framework */; };
		90C7F40E1C200066003289EA /* ImageIO.framework in Frameworks */ = {isa = PBXBuildFile; fileRef = 90C7F40D1C200066003289EA /* ImageIO.framework */; };
		90C7F4101C20006B003289EA /* AssetsLibrary.framework in Frameworks */ = {isa = PBXBuildFile; fileRef = 90C7F40F1C20006B003289EA /* AssetsLibrary.framework */; };
		90C7F4121C200072003289EA /* Accelerate.framework in Frameworks */ = {isa = PBXBuildFile; fileRef = 90C7F4111C200072003289EA /* Accelerate.framework */; };
		90C7F4141C20007A003289EA /* MobileCoreServices.framework in Frameworks */ = {isa = PBXBuildFile; fileRef = 90C7F4131C20007A003289EA /* MobileCoreServices.framework */; };
		90C7F4161C200091003289EA /* SystemConfiguration.framework in Frameworks */ = {isa = PBXBuildFile; fileRef = 90C7F4151C200091003289EA /* SystemConfiguration.framework */; };
		90C7F4181C20009E003289EA /* libsqlite3.tbd in Frameworks */ = {isa = PBXBuildFile; fileRef = 90C7F4171C20009E003289EA /* libsqlite3.tbd */; };
		90C7F41A1C2000AF003289EA /* libz.tbd in Frameworks */ = {isa = PBXBuildFile; fileRef = 90C7F4191C2000AF003289EA /* libz.tbd */; };
		90D1FB861C2B07CC0097CB1A /* Person.m in Sources */ = {isa = PBXBuildFile; fileRef = 90D1FB851C2B07CC0097CB1A /* Person.m */; };
		90D1FB891C2B07D70097CB1A /* Dog.m in Sources */ = {isa = PBXBuildFile; fileRef = 90D1FB881C2B07D70097CB1A /* Dog.m */; };
		90D1FB8C1C2B0E1E0097CB1A /* RealmViewController.m in Sources */ = {isa = PBXBuildFile; fileRef = 90D1FB8B1C2B0E1E0097CB1A /* RealmViewController.m */; };
		90FAE7371C29503200271AAA /* BaseTableViewCell.m in Sources */ = {isa = PBXBuildFile; fileRef = 90FAE7361C29503200271AAA /* BaseTableViewCell.m */; };
		90FAE73A1C29504A00271AAA /* FirstViewCell.m in Sources */ = {isa = PBXBuildFile; fileRef = 90FAE7391C29504A00271AAA /* FirstViewCell.m */; };
		90FAE7401C2952B100271AAA /* DTouchViewController.m in Sources */ = {isa = PBXBuildFile; fileRef = 90FAE73F1C2952B100271AAA /* DTouchViewController.m */; };
		90FAE7431C2959B100271AAA /* DTouchDetailViewController.m in Sources */ = {isa = PBXBuildFile; fileRef = 90FAE7421C2959B100271AAA /* DTouchDetailViewController.m */; };
		90FAE7531C2A4AC300271AAA /* GuideView.m in Sources */ = {isa = PBXBuildFile; fileRef = 90FAE7521C2A4AC300271AAA /* GuideView.m */; };
		E6B145A953677ACAAD60279B /* libPods.a in Frameworks */ = {isa = PBXBuildFile; fileRef = 78FB942FDA4542A9264B7E9E /* libPods.a */; };
/* End PBXBuildFile section */

/* Begin PBXCopyFilesBuildPhase section */
		90AAFD1F1C2C52B40091E422 /* Embed Frameworks */ = {
			isa = PBXCopyFilesBuildPhase;
			buildActionMask = 2147483647;
			dstPath = "";
			dstSubfolderSpec = 10;
			files = (
				90AAFD1E1C2C52B40091E422 /* Realm.framework in Embed Frameworks */,
			);
			name = "Embed Frameworks";
			runOnlyForDeploymentPostprocessing = 0;
		};
/* End PBXCopyFilesBuildPhase section */

/* Begin PBXFileReference section */
		78FB942FDA4542A9264B7E9E /* libPods.a */ = {isa = PBXFileReference; explicitFileType = archive.ar; includeInIndex = 0; path = libPods.a; sourceTree = BUILT_PRODUCTS_DIR; };
		7B8F59611FA324A4629878FD /* Pods.release.xcconfig */ = {isa = PBXFileReference; includeInIndex = 1; lastKnownFileType = text.xcconfig; name = Pods.release.xcconfig; path = "Pods/Target Support Files/Pods/Pods.release.xcconfig"; sourceTree = "<group>"; };
		90121CEC1C34E1E400D4075D /* MultiThreadViewController.h */ = {isa = PBXFileReference; fileEncoding = 4; lastKnownFileType = sourcecode.c.h; path = MultiThreadViewController.h; sourceTree = "<group>"; };
		90121CED1C34E1E400D4075D /* MultiThreadViewController.m */ = {isa = PBXFileReference; fileEncoding = 4; lastKnownFileType = sourcecode.c.objc; path = MultiThreadViewController.m; sourceTree = "<group>"; };
		90121CEF1C35153E00D4075D /* RunloopViewController.h */ = {isa = PBXFileReference; fileEncoding = 4; lastKnownFileType = sourcecode.c.h; path = RunloopViewController.h; sourceTree = "<group>"; };
		90121CF01C35153E00D4075D /* RunloopViewController.m */ = {isa = PBXFileReference; fileEncoding = 4; lastKnownFileType = sourcecode.c.objc; path = RunloopViewController.m; sourceTree = "<group>"; };
		904677C51C1E71420026F096 /* Project_iOS.app */ = {isa = PBXFileReference; explicitFileType = wrapper.application; includeInIndex = 0; path = Project_iOS.app; sourceTree = BUILT_PRODUCTS_DIR; };
		904677C91C1E71420026F096 /* main.m */ = {isa = PBXFileReference; lastKnownFileType = sourcecode.c.objc; path = main.m; sourceTree = "<group>"; };
		904677CB1C1E71420026F096 /* AppDelegate.h */ = {isa = PBXFileReference; lastKnownFileType = sourcecode.c.h; path = AppDelegate.h; sourceTree = "<group>"; };
		904677CC1C1E71420026F096 /* AppDelegate.m */ = {isa = PBXFileReference; lastKnownFileType = sourcecode.c.objc; path = AppDelegate.m; sourceTree = "<group>"; };
		904677CE1C1E71420026F096 /* ViewController.h */ = {isa = PBXFileReference; lastKnownFileType = sourcecode.c.h; path = ViewController.h; sourceTree = "<group>"; };
		904677CF1C1E71420026F096 /* ViewController.m */ = {isa = PBXFileReference; lastKnownFileType = sourcecode.c.objc; path = ViewController.m; sourceTree = "<group>"; };
		904677D21C1E71420026F096 /* Base */ = {isa = PBXFileReference; lastKnownFileType = file.storyboard; name = Base; path = Base.lproj/Main.storyboard; sourceTree = "<group>"; };
		904677D51C1E71420026F096 /* Project_iOS.xcdatamodel */ = {isa = PBXFileReference; lastKnownFileType = wrapper.xcdatamodel; path = Project_iOS.xcdatamodel; sourceTree = "<group>"; };
		904677D71C1E71420026F096 /* Assets.xcassets */ = {isa = PBXFileReference; lastKnownFileType = folder.assetcatalog; path = Assets.xcassets; sourceTree = "<group>"; };
		904677DC1C1E71420026F096 /* Info.plist */ = {isa = PBXFileReference; lastKnownFileType = text.plist.xml; path = Info.plist; sourceTree = "<group>"; };
		904677E31C1E73F60026F096 /* Addtional.h */ = {isa = PBXFileReference; fileEncoding = 4; lastKnownFileType = sourcecode.c.h; path = Addtional.h; sourceTree = "<group>"; };
		904677E41C1E73F60026F096 /* CALayer+Add.h */ = {isa = PBXFileReference; fileEncoding = 4; lastKnownFileType = sourcecode.c.h; path = "CALayer+Add.h"; sourceTree = "<group>"; };
		904677E51C1E73F60026F096 /* CALayer+Add.m */ = {isa = PBXFileReference; fileEncoding = 4; lastKnownFileType = sourcecode.c.objc; path = "CALayer+Add.m"; sourceTree = "<group>"; };
		904677E61C1E73F60026F096 /* NSBundle+Scale.h */ = {isa = PBXFileReference; fileEncoding = 4; lastKnownFileType = sourcecode.c.h; path = "NSBundle+Scale.h"; sourceTree = "<group>"; };
		904677E71C1E73F60026F096 /* NSBundle+Scale.m */ = {isa = PBXFileReference; fileEncoding = 4; lastKnownFileType = sourcecode.c.objc; path = "NSBundle+Scale.m"; sourceTree = "<group>"; };
		904677E81C1E73F60026F096 /* NSDate+NSDateExt.h */ = {isa = PBXFileReference; fileEncoding = 4; lastKnownFileType = sourcecode.c.h; path = "NSDate+NSDateExt.h"; sourceTree = "<group>"; };
		904677E91C1E73F60026F096 /* NSDate+NSDateExt.m */ = {isa = PBXFileReference; fileEncoding = 4; lastKnownFileType = sourcecode.c.objc; path = "NSDate+NSDateExt.m"; sourceTree = "<group>"; };
		904677EA1C1E73F60026F096 /* NSDictionary+NSDictionaryExt.h */ = {isa = PBXFileReference; fileEncoding = 4; lastKnownFileType = sourcecode.c.h; path = "NSDictionary+NSDictionaryExt.h"; sourceTree = "<group>"; };
		904677EB1C1E73F60026F096 /* NSDictionary+NSDictionaryExt.m */ = {isa = PBXFileReference; fileEncoding = 4; lastKnownFileType = sourcecode.c.objc; path = "NSDictionary+NSDictionaryExt.m"; sourceTree = "<group>"; };
		904677EC1C1E73F60026F096 /* NSKeyedUnarchiver+ExceptionCatch.h */ = {isa = PBXFileReference; fileEncoding = 4; lastKnownFileType = sourcecode.c.h; path = "NSKeyedUnarchiver+ExceptionCatch.h"; sourceTree = "<group>"; };
		904677ED1C1E73F60026F096 /* NSKeyedUnarchiver+ExceptionCatch.m */ = {isa = PBXFileReference; fileEncoding = 4; lastKnownFileType = sourcecode.c.objc; path = "NSKeyedUnarchiver+ExceptionCatch.m"; sourceTree = "<group>"; };
		904677EE1C1E73F60026F096 /* NSObject-ClassName.h */ = {isa = PBXFileReference; fileEncoding = 4; lastKnownFileType = sourcecode.c.h; path = "NSObject-ClassName.h"; sourceTree = "<group>"; };
		904677EF1C1E73F60026F096 /* NSObject-ClassName.m */ = {isa = PBXFileReference; fileEncoding = 4; lastKnownFileType = sourcecode.c.objc; path = "NSObject-ClassName.m"; sourceTree = "<group>"; };
		904677F01C1E73F60026F096 /* NSString+NSStringEx.h */ = {isa = PBXFileReference; fileEncoding = 4; lastKnownFileType = sourcecode.c.h; path = "NSString+NSStringEx.h"; sourceTree = "<group>"; };
		904677F11C1E73F60026F096 /* NSString+NSStringEx.m */ = {isa = PBXFileReference; fileEncoding = 4; lastKnownFileType = sourcecode.c.objc; path = "NSString+NSStringEx.m"; sourceTree = "<group>"; };
		904677F31C1E73F60026F096 /* NSDictionary-DeepMutableCopy.h */ = {isa = PBXFileReference; fileEncoding = 4; lastKnownFileType = sourcecode.c.h; path = "NSDictionary-DeepMutableCopy.h"; sourceTree = "<group>"; };
		904677F41C1E73F60026F096 /* NSDictionary-DeepMutableCopy.m */ = {isa = PBXFileReference; fileEncoding = 4; lastKnownFileType = sourcecode.c.objc; path = "NSDictionary-DeepMutableCopy.m"; sourceTree = "<group>"; };
		904677F51C1E73F60026F096 /* SMS_HYZBadgeView.h */ = {isa = PBXFileReference; fileEncoding = 4; lastKnownFileType = sourcecode.c.h; path = SMS_HYZBadgeView.h; sourceTree = "<group>"; };
		904677F61C1E73F60026F096 /* SMS_HYZBadgeView.m */ = {isa = PBXFileReference; fileEncoding = 4; lastKnownFileType = sourcecode.c.objc; path = SMS_HYZBadgeView.m; sourceTree = "<group>"; };
		904677F71C1E73F60026F096 /* UIBarButtonItem+Image.h */ = {isa = PBXFileReference; fileEncoding = 4; lastKnownFileType = sourcecode.c.h; path = "UIBarButtonItem+Image.h"; sourceTree = "<group>"; };
		904677F81C1E73F60026F096 /* UIBarButtonItem+Image.m */ = {isa = PBXFileReference; fileEncoding = 4; lastKnownFileType = sourcecode.c.objc; path = "UIBarButtonItem+Image.m"; sourceTree = "<group>"; };
		904677F91C1E73F60026F096 /* UIButton+Addictions.h */ = {isa = PBXFileReference; fileEncoding = 4; lastKnownFileType = sourcecode.c.h; path = "UIButton+Addictions.h"; sourceTree = "<group>"; };
		904677FA1C1E73F60026F096 /* UIButton+Addictions.m */ = {isa = PBXFileReference; fileEncoding = 4; lastKnownFileType = sourcecode.c.objc; path = "UIButton+Addictions.m"; sourceTree = "<group>"; };
		904677FB1C1E73F60026F096 /* UIButton+RHCUIButtonExt.h */ = {isa = PBXFileReference; fileEncoding = 4; lastKnownFileType = sourcecode.c.h; path = "UIButton+RHCUIButtonExt.h"; sourceTree = "<group>"; };
		904677FC1C1E73F60026F096 /* UIButton+RHCUIButtonExt.m */ = {isa = PBXFileReference; fileEncoding = 4; lastKnownFileType = sourcecode.c.objc; path = "UIButton+RHCUIButtonExt.m"; sourceTree = "<group>"; };
		904677FD1C1E73F60026F096 /* UIControl+Add.h */ = {isa = PBXFileReference; fileEncoding = 4; lastKnownFileType = sourcecode.c.h; path = "UIControl+Add.h"; sourceTree = "<group>"; };
		904677FE1C1E73F60026F096 /* UIControl+Add.m */ = {isa = PBXFileReference; fileEncoding = 4; lastKnownFileType = sourcecode.c.objc; path = "UIControl+Add.m"; sourceTree = "<group>"; };
		904677FF1C1E73F60026F096 /* UIDevice+Addtional.h */ = {isa = PBXFileReference; fileEncoding = 4; lastKnownFileType = sourcecode.c.h; path = "UIDevice+Addtional.h"; sourceTree = "<group>"; };
		904678001C1E73F60026F096 /* UIDevice+Addtional.m */ = {isa = PBXFileReference; fileEncoding = 4; lastKnownFileType = sourcecode.c.objc; path = "UIDevice+Addtional.m"; sourceTree = "<group>"; };
		904678011C1E73F60026F096 /* UIDevice+UIDeviceExt.h */ = {isa = PBXFileReference; fileEncoding = 4; lastKnownFileType = sourcecode.c.h; path = "UIDevice+UIDeviceExt.h"; sourceTree = "<group>"; };
		904678021C1E73F60026F096 /* UIDevice+UIDeviceExt.m */ = {isa = PBXFileReference; fileEncoding = 4; lastKnownFileType = sourcecode.c.objc; path = "UIDevice+UIDeviceExt.m"; sourceTree = "<group>"; };
		904678031C1E73F60026F096 /* UIFont+Ext.h */ = {isa = PBXFileReference; fileEncoding = 4; lastKnownFileType = sourcecode.c.h; path = "UIFont+Ext.h"; sourceTree = "<group>"; };
		904678041C1E73F60026F096 /* UIFont+Ext.m */ = {isa = PBXFileReference; fileEncoding = 4; lastKnownFileType = sourcecode.c.objc; path = "UIFont+Ext.m"; sourceTree = "<group>"; };
		904678051C1E73F60026F096 /* UIImage+Addtional.h */ = {isa = PBXFileReference; fileEncoding = 4; lastKnownFileType = sourcecode.c.h; path = "UIImage+Addtional.h"; sourceTree = "<group>"; };
		904678061C1E73F60026F096 /* UIImage+Addtional.m */ = {isa = PBXFileReference; fileEncoding = 4; lastKnownFileType = sourcecode.c.objc; path = "UIImage+Addtional.m"; sourceTree = "<group>"; };
		904678071C1E73F60026F096 /* UINavigationBar+Image.h */ = {isa = PBXFileReference; fileEncoding = 4; lastKnownFileType = sourcecode.c.h; path = "UINavigationBar+Image.h"; sourceTree = "<group>"; };
		904678081C1E73F60026F096 /* UINavigationBar+Image.m */ = {isa = PBXFileReference; fileEncoding = 4; lastKnownFileType = sourcecode.c.objc; path = "UINavigationBar+Image.m"; sourceTree = "<group>"; };
		904678091C1E73F60026F096 /* UITableViewAdditions.h */ = {isa = PBXFileReference; fileEncoding = 4; lastKnownFileType = sourcecode.c.h; path = UITableViewAdditions.h; sourceTree = "<group>"; };
		9046780A1C1E73F60026F096 /* UITableViewAdditions.m */ = {isa = PBXFileReference; fileEncoding = 4; lastKnownFileType = sourcecode.c.objc; path = UITableViewAdditions.m; sourceTree = "<group>"; };
		9046780B1C1E73F60026F096 /* UIView+Additions.h */ = {isa = PBXFileReference; fileEncoding = 4; lastKnownFileType = sourcecode.c.h; path = "UIView+Additions.h"; sourceTree = "<group>"; };
		9046780C1C1E73F60026F096 /* UIView+Additions.m */ = {isa = PBXFileReference; fileEncoding = 4; lastKnownFileType = sourcecode.c.objc; path = "UIView+Additions.m"; sourceTree = "<group>"; };
		9046780D1C1E73F60026F096 /* UIWindow+RscExt.h */ = {isa = PBXFileReference; fileEncoding = 4; lastKnownFileType = sourcecode.c.h; path = "UIWindow+RscExt.h"; sourceTree = "<group>"; };
		9046780E1C1E73F60026F096 /* UIWindow+RscExt.m */ = {isa = PBXFileReference; fileEncoding = 4; lastKnownFileType = sourcecode.c.objc; path = "UIWindow+RscExt.m"; sourceTree = "<group>"; };
		904678101C1E73F60026F096 /* BaseViewController.h */ = {isa = PBXFileReference; fileEncoding = 4; lastKnownFileType = sourcecode.c.h; path = BaseViewController.h; sourceTree = "<group>"; };
		904678111C1E73F60026F096 /* BaseViewController.m */ = {isa = PBXFileReference; fileEncoding = 4; lastKnownFileType = sourcecode.c.objc; path = BaseViewController.m; sourceTree = "<group>"; };
		904678131C1E73F60026F096 /* AppNavigationController.h */ = {isa = PBXFileReference; fileEncoding = 4; lastKnownFileType = sourcecode.c.h; path = AppNavigationController.h; sourceTree = "<group>"; };
		904678141C1E73F60026F096 /* AppNavigationController.m */ = {isa = PBXFileReference; fileEncoding = 4; lastKnownFileType = sourcecode.c.objc; path = AppNavigationController.m; sourceTree = "<group>"; };
		904678151C1E73F60026F096 /* AppNavigator.h */ = {isa = PBXFileReference; fileEncoding = 4; lastKnownFileType = sourcecode.c.h; path = AppNavigator.h; sourceTree = "<group>"; };
		904678161C1E73F60026F096 /* AppNavigator.m */ = {isa = PBXFileReference; fileEncoding = 4; lastKnownFileType = sourcecode.c.objc; path = AppNavigator.m; sourceTree = "<group>"; };
		904678201C1E73F60026F096 /* lt.ttf */ = {isa = PBXFileReference; lastKnownFileType = file; path = lt.ttf; sourceTree = "<group>"; };
		904678211C1E73F60026F096 /* resource_common.bundle */ = {isa = PBXFileReference; lastKnownFileType = "wrapper.plug-in"; path = resource_common.bundle; sourceTree = "<group>"; };
		904678221C1E73F60026F096 /* skin_default.bundle */ = {isa = PBXFileReference; lastKnownFileType = "wrapper.plug-in"; path = skin_default.bundle; sourceTree = "<group>"; };
		904678391C1E73F60026F096 /* GTMBase64.h */ = {isa = PBXFileReference; fileEncoding = 4; lastKnownFileType = sourcecode.c.h; path = GTMBase64.h; sourceTree = "<group>"; };
		9046783A1C1E73F60026F096 /* GTMBase64.m */ = {isa = PBXFileReference; fileEncoding = 4; lastKnownFileType = sourcecode.c.objc; path = GTMBase64.m; sourceTree = "<group>"; };
		9046783B1C1E73F60026F096 /* GTMDefines.h */ = {isa = PBXFileReference; fileEncoding = 4; lastKnownFileType = sourcecode.c.h; path = GTMDefines.h; sourceTree = "<group>"; };
		9046783C1C1E73F60026F096 /* GTMStackTrace.h */ = {isa = PBXFileReference; fileEncoding = 4; lastKnownFileType = sourcecode.c.h; path = GTMStackTrace.h; sourceTree = "<group>"; };
		9046783D1C1E73F60026F096 /* GTMStackTrace.m */ = {isa = PBXFileReference; fileEncoding = 4; lastKnownFileType = sourcecode.c.objc; path = GTMStackTrace.m; sourceTree = "<group>"; };
		9046785B1C1E73F60026F096 /* TAAbstractDotView.h */ = {isa = PBXFileReference; fileEncoding = 4; lastKnownFileType = sourcecode.c.h; path = TAAbstractDotView.h; sourceTree = "<group>"; };
		9046785C1C1E73F60026F096 /* TAAbstractDotView.m */ = {isa = PBXFileReference; fileEncoding = 4; lastKnownFileType = sourcecode.c.objc; path = TAAbstractDotView.m; sourceTree = "<group>"; };
		9046785D1C1E73F60026F096 /* TAAnimatedDotView.h */ = {isa = PBXFileReference; fileEncoding = 4; lastKnownFileType = sourcecode.c.h; path = TAAnimatedDotView.h; sourceTree = "<group>"; };
		9046785E1C1E73F60026F096 /* TAAnimatedDotView.m */ = {isa = PBXFileReference; fileEncoding = 4; lastKnownFileType = sourcecode.c.objc; path = TAAnimatedDotView.m; sourceTree = "<group>"; };
		9046785F1C1E73F60026F096 /* TADotView.h */ = {isa = PBXFileReference; fileEncoding = 4; lastKnownFileType = sourcecode.c.h; path = TADotView.h; sourceTree = "<group>"; };
		904678601C1E73F60026F096 /* TADotView.m */ = {isa = PBXFileReference; fileEncoding = 4; lastKnownFileType = sourcecode.c.objc; path = TADotView.m; sourceTree = "<group>"; };
		904678611C1E73F60026F096 /* TAPageControl.h */ = {isa = PBXFileReference; fileEncoding = 4; lastKnownFileType = sourcecode.c.h; path = TAPageControl.h; sourceTree = "<group>"; };
		904678621C1E73F60026F096 /* TAPageControl.m */ = {isa = PBXFileReference; fileEncoding = 4; lastKnownFileType = sourcecode.c.objc; path = TAPageControl.m; sourceTree = "<group>"; };
		904678631C1E73F60026F096 /* SDCollectionViewCell.h */ = {isa = PBXFileReference; fileEncoding = 4; lastKnownFileType = sourcecode.c.h; path = SDCollectionViewCell.h; sourceTree = "<group>"; };
		904678641C1E73F60026F096 /* SDCollectionViewCell.m */ = {isa = PBXFileReference; fileEncoding = 4; lastKnownFileType = sourcecode.c.objc; path = SDCollectionViewCell.m; sourceTree = "<group>"; };
		904678651C1E73F60026F096 /* SDCycleScrollView.h */ = {isa = PBXFileReference; fileEncoding = 4; lastKnownFileType = sourcecode.c.h; path = SDCycleScrollView.h; sourceTree = "<group>"; };
		904678661C1E73F60026F096 /* SDCycleScrollView.m */ = {isa = PBXFileReference; fileEncoding = 4; lastKnownFileType = sourcecode.c.objc; path = SDCycleScrollView.m; sourceTree = "<group>"; };
		904678671C1E73F60026F096 /* UIView+SDExtension.h */ = {isa = PBXFileReference; fileEncoding = 4; lastKnownFileType = sourcecode.c.h; path = "UIView+SDExtension.h"; sourceTree = "<group>"; };
		904678681C1E73F60026F096 /* UIView+SDExtension.m */ = {isa = PBXFileReference; fileEncoding = 4; lastKnownFileType = sourcecode.c.objc; path = "UIView+SDExtension.m"; sourceTree = "<group>"; };
		9046786A1C1E73F60026F096 /* MKAnnotationView+WebCache.h */ = {isa = PBXFileReference; fileEncoding = 4; lastKnownFileType = sourcecode.c.h; path = "MKAnnotationView+WebCache.h"; sourceTree = "<group>"; };
		9046786B1C1E73F60026F096 /* MKAnnotationView+WebCache.m */ = {isa = PBXFileReference; fileEncoding = 4; lastKnownFileType = sourcecode.c.objc; path = "MKAnnotationView+WebCache.m"; sourceTree = "<group>"; };
		9046786C1C1E73F60026F096 /* NSData+ImageContentType.h */ = {isa = PBXFileReference; fileEncoding = 4; lastKnownFileType = sourcecode.c.h; path = "NSData+ImageContentType.h"; sourceTree = "<group>"; };
		9046786D1C1E73F60026F096 /* NSData+ImageContentType.m */ = {isa = PBXFileReference; fileEncoding = 4; lastKnownFileType = sourcecode.c.objc; path = "NSData+ImageContentType.m"; sourceTree = "<group>"; };
		9046786E1C1E73F60026F096 /* SDImageCache.h */ = {isa = PBXFileReference; fileEncoding = 4; lastKnownFileType = sourcecode.c.h; path = SDImageCache.h; sourceTree = "<group>"; };
		9046786F1C1E73F60026F096 /* SDImageCache.m */ = {isa = PBXFileReference; fileEncoding = 4; lastKnownFileType = sourcecode.c.objc; path = SDImageCache.m; sourceTree = "<group>"; };
		904678701C1E73F60026F096 /* SDWebImageCompat.h */ = {isa = PBXFileReference; fileEncoding = 4; lastKnownFileType = sourcecode.c.h; path = SDWebImageCompat.h; sourceTree = "<group>"; };
		904678711C1E73F60026F096 /* SDWebImageCompat.m */ = {isa = PBXFileReference; fileEncoding = 4; lastKnownFileType = sourcecode.c.objc; path = SDWebImageCompat.m; sourceTree = "<group>"; };
		904678721C1E73F60026F096 /* SDWebImageDecoder.h */ = {isa = PBXFileReference; fileEncoding = 4; lastKnownFileType = sourcecode.c.h; path = SDWebImageDecoder.h; sourceTree = "<group>"; };
		904678731C1E73F60026F096 /* SDWebImageDecoder.m */ = {isa = PBXFileReference; fileEncoding = 4; lastKnownFileType = sourcecode.c.objc; path = SDWebImageDecoder.m; sourceTree = "<group>"; };
		904678741C1E73F60026F096 /* SDWebImageDownloader.h */ = {isa = PBXFileReference; fileEncoding = 4; lastKnownFileType = sourcecode.c.h; path = SDWebImageDownloader.h; sourceTree = "<group>"; };
		904678751C1E73F60026F096 /* SDWebImageDownloader.m */ = {isa = PBXFileReference; fileEncoding = 4; lastKnownFileType = sourcecode.c.objc; path = SDWebImageDownloader.m; sourceTree = "<group>"; };
		904678761C1E73F60026F096 /* SDWebImageDownloaderOperation.h */ = {isa = PBXFileReference; fileEncoding = 4; lastKnownFileType = sourcecode.c.h; path = SDWebImageDownloaderOperation.h; sourceTree = "<group>"; };
		904678771C1E73F60026F096 /* SDWebImageDownloaderOperation.m */ = {isa = PBXFileReference; fileEncoding = 4; lastKnownFileType = sourcecode.c.objc; path = SDWebImageDownloaderOperation.m; sourceTree = "<group>"; };
		904678781C1E73F60026F096 /* SDWebImageManager.h */ = {isa = PBXFileReference; fileEncoding = 4; lastKnownFileType = sourcecode.c.h; path = SDWebImageManager.h; sourceTree = "<group>"; };
		904678791C1E73F60026F096 /* SDWebImageManager.m */ = {isa = PBXFileReference; fileEncoding = 4; lastKnownFileType = sourcecode.c.objc; path = SDWebImageManager.m; sourceTree = "<group>"; };
		9046787A1C1E73F60026F096 /* SDWebImageOperation.h */ = {isa = PBXFileReference; fileEncoding = 4; lastKnownFileType = sourcecode.c.h; path = SDWebImageOperation.h; sourceTree = "<group>"; };
		9046787B1C1E73F60026F096 /* SDWebImagePrefetcher.h */ = {isa = PBXFileReference; fileEncoding = 4; lastKnownFileType = sourcecode.c.h; path = SDWebImagePrefetcher.h; sourceTree = "<group>"; };
		9046787C1C1E73F60026F096 /* SDWebImagePrefetcher.m */ = {isa = PBXFileReference; fileEncoding = 4; lastKnownFileType = sourcecode.c.objc; path = SDWebImagePrefetcher.m; sourceTree = "<group>"; };
		9046787D1C1E73F60026F096 /* UIButton+WebCache.h */ = {isa = PBXFileReference; fileEncoding = 4; lastKnownFileType = sourcecode.c.h; path = "UIButton+WebCache.h"; sourceTree = "<group>"; };
		9046787E1C1E73F60026F096 /* UIButton+WebCache.m */ = {isa = PBXFileReference; fileEncoding = 4; lastKnownFileType = sourcecode.c.objc; path = "UIButton+WebCache.m"; sourceTree = "<group>"; };
		9046787F1C1E73F60026F096 /* UIImage+GIF.h */ = {isa = PBXFileReference; fileEncoding = 4; lastKnownFileType = sourcecode.c.h; path = "UIImage+GIF.h"; sourceTree = "<group>"; };
		904678801C1E73F60026F096 /* UIImage+GIF.m */ = {isa = PBXFileReference; fileEncoding = 4; lastKnownFileType = sourcecode.c.objc; path = "UIImage+GIF.m"; sourceTree = "<group>"; };
		904678811C1E73F60026F096 /* UIImage+MultiFormat.h */ = {isa = PBXFileReference; fileEncoding = 4; lastKnownFileType = sourcecode.c.h; path = "UIImage+MultiFormat.h"; sourceTree = "<group>"; };
		904678821C1E73F60026F096 /* UIImage+MultiFormat.m */ = {isa = PBXFileReference; fileEncoding = 4; lastKnownFileType = sourcecode.c.objc; path = "UIImage+MultiFormat.m"; sourceTree = "<group>"; };
		904678831C1E73F60026F096 /* UIImage+WebP.h */ = {isa = PBXFileReference; fileEncoding = 4; lastKnownFileType = sourcecode.c.h; path = "UIImage+WebP.h"; sourceTree = "<group>"; };
		904678841C1E73F60026F096 /* UIImage+WebP.m */ = {isa = PBXFileReference; fileEncoding = 4; lastKnownFileType = sourcecode.c.objc; path = "UIImage+WebP.m"; sourceTree = "<group>"; };
		904678851C1E73F60026F096 /* UIImageView+HighlightedWebCache.h */ = {isa = PBXFileReference; fileEncoding = 4; lastKnownFileType = sourcecode.c.h; path = "UIImageView+HighlightedWebCache.h"; sourceTree = "<group>"; };
		904678861C1E73F60026F096 /* UIImageView+HighlightedWebCache.m */ = {isa = PBXFileReference; fileEncoding = 4; lastKnownFileType = sourcecode.c.objc; path = "UIImageView+HighlightedWebCache.m"; sourceTree = "<group>"; };
		904678871C1E73F60026F096 /* UIImageView+WebCache.h */ = {isa = PBXFileReference; fileEncoding = 4; lastKnownFileType = sourcecode.c.h; path = "UIImageView+WebCache.h"; sourceTree = "<group>"; };
		904678881C1E73F60026F096 /* UIImageView+WebCache.m */ = {isa = PBXFileReference; fileEncoding = 4; lastKnownFileType = sourcecode.c.objc; path = "UIImageView+WebCache.m"; sourceTree = "<group>"; };
		904678891C1E73F60026F096 /* UIView+WebCacheOperation.h */ = {isa = PBXFileReference; fileEncoding = 4; lastKnownFileType = sourcecode.c.h; path = "UIView+WebCacheOperation.h"; sourceTree = "<group>"; };
		9046788A1C1E73F60026F096 /* UIView+WebCacheOperation.m */ = {isa = PBXFileReference; fileEncoding = 4; lastKnownFileType = sourcecode.c.objc; path = "UIView+WebCacheOperation.m"; sourceTree = "<group>"; };
		9046788C1C1E73F60026F096 /* CJSONDeserializer.h */ = {isa = PBXFileReference; fileEncoding = 4; lastKnownFileType = sourcecode.c.h; path = CJSONDeserializer.h; sourceTree = "<group>"; };
		9046788D1C1E73F60026F096 /* CJSONDeserializer.m */ = {isa = PBXFileReference; fileEncoding = 4; lastKnownFileType = sourcecode.c.objc; path = CJSONDeserializer.m; sourceTree = "<group>"; };
		9046788E1C1E73F60026F096 /* CJSONSerializer.h */ = {isa = PBXFileReference; fileEncoding = 4; lastKnownFileType = sourcecode.c.h; path = CJSONSerializer.h; sourceTree = "<group>"; };
		9046788F1C1E73F60026F096 /* CJSONSerializer.m */ = {isa = PBXFileReference; fileEncoding = 4; lastKnownFileType = sourcecode.c.objc; path = CJSONSerializer.m; sourceTree = "<group>"; };
		904678901C1E73F60026F096 /* JSONRepresentation.h */ = {isa = PBXFileReference; fileEncoding = 4; lastKnownFileType = sourcecode.c.h; path = JSONRepresentation.h; sourceTree = "<group>"; };
		904678911C1E73F60026F096 /* NSDictionary_JSONExtensions.h */ = {isa = PBXFileReference; fileEncoding = 4; lastKnownFileType = sourcecode.c.h; path = NSDictionary_JSONExtensions.h; sourceTree = "<group>"; };
		904678921C1E73F60026F096 /* NSDictionary_JSONExtensions.m */ = {isa = PBXFileReference; fileEncoding = 4; lastKnownFileType = sourcecode.c.objc; path = NSDictionary_JSONExtensions.m; sourceTree = "<group>"; };
		904678E41C1E76070026F096 /* PrefixHeader.pch */ = {isa = PBXFileReference; lastKnownFileType = sourcecode.c.h; path = PrefixHeader.pch; sourceTree = "<group>"; };
		9087B5361C31315A005346C4 /* CLIColor.h */ = {isa = PBXFileReference; fileEncoding = 4; lastKnownFileType = sourcecode.c.h; path = CLIColor.h; sourceTree = "<group>"; };
		9087B5371C31315A005346C4 /* CLIColor.m */ = {isa = PBXFileReference; fileEncoding = 4; lastKnownFileType = sourcecode.c.objc; path = CLIColor.m; sourceTree = "<group>"; };
		9087B5381C31315A005346C4 /* DDAbstractDatabaseLogger.h */ = {isa = PBXFileReference; fileEncoding = 4; lastKnownFileType = sourcecode.c.h; path = DDAbstractDatabaseLogger.h; sourceTree = "<group>"; };
		9087B5391C31315A005346C4 /* DDAbstractDatabaseLogger.m */ = {isa = PBXFileReference; fileEncoding = 4; lastKnownFileType = sourcecode.c.objc; path = DDAbstractDatabaseLogger.m; sourceTree = "<group>"; };
		9087B53A1C31315A005346C4 /* DDASLLogCapture.h */ = {isa = PBXFileReference; fileEncoding = 4; lastKnownFileType = sourcecode.c.h; path = DDASLLogCapture.h; sourceTree = "<group>"; };
		9087B53B1C31315A005346C4 /* DDASLLogCapture.m */ = {isa = PBXFileReference; fileEncoding = 4; lastKnownFileType = sourcecode.c.objc; path = DDASLLogCapture.m; sourceTree = "<group>"; };
		9087B53C1C31315A005346C4 /* DDASLLogger.h */ = {isa = PBXFileReference; fileEncoding = 4; lastKnownFileType = sourcecode.c.h; path = DDASLLogger.h; sourceTree = "<group>"; };
		9087B53D1C31315A005346C4 /* DDASLLogger.m */ = {isa = PBXFileReference; fileEncoding = 4; lastKnownFileType = sourcecode.c.objc; path = DDASLLogger.m; sourceTree = "<group>"; };
		9087B53E1C31315A005346C4 /* DDFileLogger.h */ = {isa = PBXFileReference; fileEncoding = 4; lastKnownFileType = sourcecode.c.h; path = DDFileLogger.h; sourceTree = "<group>"; };
		9087B53F1C31315A005346C4 /* DDFileLogger.m */ = {isa = PBXFileReference; fileEncoding = 4; lastKnownFileType = sourcecode.c.objc; path = DDFileLogger.m; sourceTree = "<group>"; };
		9087B5401C31315A005346C4 /* DDLog+LOGV.h */ = {isa = PBXFileReference; fileEncoding = 4; lastKnownFileType = sourcecode.c.h; path = "DDLog+LOGV.h"; sourceTree = "<group>"; };
		9087B5411C31315A005346C4 /* DDLog.h */ = {isa = PBXFileReference; fileEncoding = 4; lastKnownFileType = sourcecode.c.h; path = DDLog.h; sourceTree = "<group>"; };
		9087B5421C31315A005346C4 /* DDLog.m */ = {isa = PBXFileReference; fileEncoding = 4; lastKnownFileType = sourcecode.c.objc; path = DDLog.m; sourceTree = "<group>"; };
		9087B5431C31315A005346C4 /* DDTTYLogger.h */ = {isa = PBXFileReference; fileEncoding = 4; lastKnownFileType = sourcecode.c.h; path = DDTTYLogger.h; sourceTree = "<group>"; };
		9087B5441C31315A005346C4 /* DDTTYLogger.m */ = {isa = PBXFileReference; fileEncoding = 4; lastKnownFileType = sourcecode.c.objc; path = DDTTYLogger.m; sourceTree = "<group>"; };
		9087B5461C31315A005346C4 /* DDContextFilterLogFormatter.h */ = {isa = PBXFileReference; fileEncoding = 4; lastKnownFileType = sourcecode.c.h; path = DDContextFilterLogFormatter.h; sourceTree = "<group>"; };
		9087B5471C31315A005346C4 /* DDContextFilterLogFormatter.m */ = {isa = PBXFileReference; fileEncoding = 4; lastKnownFileType = sourcecode.c.objc; path = DDContextFilterLogFormatter.m; sourceTree = "<group>"; };
		9087B5481C31315A005346C4 /* DDDispatchQueueLogFormatter.h */ = {isa = PBXFileReference; fileEncoding = 4; lastKnownFileType = sourcecode.c.h; path = DDDispatchQueueLogFormatter.h; sourceTree = "<group>"; };
		9087B5491C31315A005346C4 /* DDDispatchQueueLogFormatter.m */ = {isa = PBXFileReference; fileEncoding = 4; lastKnownFileType = sourcecode.c.objc; path = DDDispatchQueueLogFormatter.m; sourceTree = "<group>"; };
		9087B54A1C31315A005346C4 /* DDMultiFormatter.h */ = {isa = PBXFileReference; fileEncoding = 4; lastKnownFileType = sourcecode.c.h; path = DDMultiFormatter.h; sourceTree = "<group>"; };
		9087B54B1C31315A005346C4 /* DDMultiFormatter.m */ = {isa = PBXFileReference; fileEncoding = 4; lastKnownFileType = sourcecode.c.objc; path = DDMultiFormatter.m; sourceTree = "<group>"; };
		9087B54C1C31315A005346C4 /* README.txt */ = {isa = PBXFileReference; fileEncoding = 4; lastKnownFileType = text; path = README.txt; sourceTree = "<group>"; };
		9087B55B1C313C72005346C4 /* FirstRequset.h */ = {isa = PBXFileReference; fileEncoding = 4; lastKnownFileType = sourcecode.c.h; path = FirstRequset.h; sourceTree = "<group>"; };
		9087B55C1C313C72005346C4 /* FirstRequset.m */ = {isa = PBXFileReference; fileEncoding = 4; lastKnownFileType = sourcecode.c.objc; path = FirstRequset.m; sourceTree = "<group>"; };
		908E6C121C1EB13900CDD941 /* AppTabBarManager.h */ = {isa = PBXFileReference; fileEncoding = 4; lastKnownFileType = sourcecode.c.h; path = AppTabBarManager.h; sourceTree = "<group>"; };
		908E6C131C1EB13900CDD941 /* AppTabBarManager.m */ = {isa = PBXFileReference; fileEncoding = 4; lastKnownFileType = sourcecode.c.objc; path = AppTabBarManager.m; sourceTree = "<group>"; };
		908E6C151C1EB18100CDD941 /* AppTabBarViewController.h */ = {isa = PBXFileReference; fileEncoding = 4; lastKnownFileType = sourcecode.c.h; path = AppTabBarViewController.h; sourceTree = "<group>"; };
		908E6C161C1EB18100CDD941 /* AppTabBarViewController.m */ = {isa = PBXFileReference; fileEncoding = 4; lastKnownFileType = sourcecode.c.objc; path = AppTabBarViewController.m; sourceTree = "<group>"; };
		908E6C241C1EB3E000CDD941 /* FirstViewController.h */ = {isa = PBXFileReference; fileEncoding = 4; lastKnownFileType = sourcecode.c.h; path = FirstViewController.h; sourceTree = "<group>"; };
		908E6C251C1EB3E000CDD941 /* FirstViewController.m */ = {isa = PBXFileReference; fileEncoding = 4; lastKnownFileType = sourcecode.c.objc; path = FirstViewController.m; sourceTree = "<group>"; };
		908E6C271C1EB3EF00CDD941 /* SecondViewController.h */ = {isa = PBXFileReference; fileEncoding = 4; lastKnownFileType = sourcecode.c.h; path = SecondViewController.h; sourceTree = "<group>"; };
		908E6C281C1EB3EF00CDD941 /* SecondViewController.m */ = {isa = PBXFileReference; fileEncoding = 4; lastKnownFileType = sourcecode.c.objc; path = SecondViewController.m; sourceTree = "<group>"; };
		908E6C2A1C1EB3FA00CDD941 /* ThirdViewController.h */ = {isa = PBXFileReference; fileEncoding = 4; lastKnownFileType = sourcecode.c.h; path = ThirdViewController.h; sourceTree = "<group>"; };
		908E6C2B1C1EB3FA00CDD941 /* ThirdViewController.m */ = {isa = PBXFileReference; fileEncoding = 4; lastKnownFileType = sourcecode.c.objc; path = ThirdViewController.m; sourceTree = "<group>"; };
		908E6C2F1C1EB52200CDD941 /* PKAnimation+PKType.h */ = {isa = PBXFileReference; fileEncoding = 4; lastKnownFileType = sourcecode.c.h; path = "PKAnimation+PKType.h"; sourceTree = "<group>"; };
		908E6C301C1EB52200CDD941 /* PKAnimation+PKType.m */ = {isa = PBXFileReference; fileEncoding = 4; lastKnownFileType = sourcecode.c.objc; path = "PKAnimation+PKType.m"; sourceTree = "<group>"; };
		908E6C311C1EB52200CDD941 /* UIColor+PKColor.h */ = {isa = PBXFileReference; fileEncoding = 4; lastKnownFileType = sourcecode.c.h; path = "UIColor+PKColor.h"; sourceTree = "<group>"; };
		908E6C321C1EB52200CDD941 /* UIColor+PKColor.m */ = {isa = PBXFileReference; fileEncoding = 4; lastKnownFileType = sourcecode.c.objc; path = "UIColor+PKColor.m"; sourceTree = "<group>"; };
		908E6C331C1EB52200CDD941 /* UIFont+PKFont.h */ = {isa = PBXFileReference; fileEncoding = 4; lastKnownFileType = sourcecode.c.h; path = "UIFont+PKFont.h"; sourceTree = "<group>"; };
		908E6C341C1EB52200CDD941 /* UIFont+PKFont.m */ = {isa = PBXFileReference; fileEncoding = 4; lastKnownFileType = sourcecode.c.objc; path = "UIFont+PKFont.m"; sourceTree = "<group>"; };
		908E6C351C1EB52200CDD941 /* UIImage+PKImage.h */ = {isa = PBXFileReference; fileEncoding = 4; lastKnownFileType = sourcecode.c.h; path = "UIImage+PKImage.h"; sourceTree = "<group>"; };
		908E6C361C1EB52200CDD941 /* UIImage+PKImage.m */ = {isa = PBXFileReference; fileEncoding = 4; lastKnownFileType = sourcecode.c.objc; path = "UIImage+PKImage.m"; sourceTree = "<group>"; };
		908E6C371C1EB52200CDD941 /* PKResManager.h */ = {isa = PBXFileReference; fileEncoding = 4; lastKnownFileType = sourcecode.c.h; path = PKResManager.h; sourceTree = "<group>"; };
		908E6C381C1EB52200CDD941 /* PKResManager.m */ = {isa = PBXFileReference; fileEncoding = 4; lastKnownFileType = sourcecode.c.objc; path = PKResManager.m; sourceTree = "<group>"; };
		908E6C391C1EB52200CDD941 /* PKResManagerKit.h */ = {isa = PBXFileReference; fileEncoding = 4; lastKnownFileType = sourcecode.c.h; path = PKResManagerKit.h; sourceTree = "<group>"; };
		90AAFD1C1C2C52B40091E422 /* Realm.framework */ = {isa = PBXFileReference; lastKnownFileType = wrapper.framework; path = Realm.framework; sourceTree = "<group>"; };
		90AAFD201C2C57360091E422 /* DTouchViewCell.h */ = {isa = PBXFileReference; fileEncoding = 4; lastKnownFileType = sourcecode.c.h; path = DTouchViewCell.h; sourceTree = "<group>"; };
		90AAFD211C2C57360091E422 /* DTouchViewCell.m */ = {isa = PBXFileReference; fileEncoding = 4; lastKnownFileType = sourcecode.c.objc; path = DTouchViewCell.m; sourceTree = "<group>"; };
		90B2A4261C34278A00739018 /* UITableView+SDAutoTableViewCellHeight.h */ = {isa = PBXFileReference; fileEncoding = 4; lastKnownFileType = sourcecode.c.h; path = "UITableView+SDAutoTableViewCellHeight.h"; sourceTree = "<group>"; };
		90B2A4271C34278A00739018 /* UITableView+SDAutoTableViewCellHeight.m */ = {isa = PBXFileReference; fileEncoding = 4; lastKnownFileType = sourcecode.c.objc; path = "UITableView+SDAutoTableViewCellHeight.m"; sourceTree = "<group>"; };
		90B2A4281C34278A00739018 /* UIView+SDAutoLayout.h */ = {isa = PBXFileReference; fileEncoding = 4; lastKnownFileType = sourcecode.c.h; path = "UIView+SDAutoLayout.h"; sourceTree = "<group>"; };
		90B2A4291C34278A00739018 /* UIView+SDAutoLayout.m */ = {isa = PBXFileReference; fileEncoding = 4; lastKnownFileType = sourcecode.c.objc; path = "UIView+SDAutoLayout.m"; sourceTree = "<group>"; };
		90B2A42C1C3427CE00739018 /* CellAutoLayoutViewController.h */ = {isa = PBXFileReference; fileEncoding = 4; lastKnownFileType = sourcecode.c.h; path = CellAutoLayoutViewController.h; sourceTree = "<group>"; };
		90B2A42D1C3427CE00739018 /* CellAutoLayoutViewController.m */ = {isa = PBXFileReference; fileEncoding = 4; lastKnownFileType = sourcecode.c.objc; path = CellAutoLayoutViewController.m; sourceTree = "<group>"; };
		90B2A42F1C34291200739018 /* CellAutoLayoutCell.h */ = {isa = PBXFileReference; fileEncoding = 4; lastKnownFileType = sourcecode.c.h; path = CellAutoLayoutCell.h; sourceTree = "<group>"; };
		90B2A4301C34291200739018 /* CellAutoLayoutCell.m */ = {isa = PBXFileReference; fileEncoding = 4; lastKnownFileType = sourcecode.c.objc; path = CellAutoLayoutCell.m; sourceTree = "<group>"; };
		90B2A4321C3429C900739018 /* AutoLayoutModel.h */ = {isa = PBXFileReference; fileEncoding = 4; lastKnownFileType = sourcecode.c.h; path = AutoLayoutModel.h; sourceTree = "<group>"; };
		90B2A4331C3429C900739018 /* AutoLayoutModel.m */ = {isa = PBXFileReference; fileEncoding = 4; lastKnownFileType = sourcecode.c.objc; path = AutoLayoutModel.m; sourceTree = "<group>"; };
		90C7F2F61C1FF89C003289EA /* BaseRequset.h */ = {isa = PBXFileReference; fileEncoding = 4; lastKnownFileType = sourcecode.c.h; path = BaseRequset.h; sourceTree = "<group>"; };
		90C7F2F71C1FF89C003289EA /* BaseRequset.m */ = {isa = PBXFileReference; fileEncoding = 4; lastKnownFileType = sourcecode.c.objc; path = BaseRequset.m; sourceTree = "<group>"; };
		90C7F2F91C1FF911003289EA /* AppContext.h */ = {isa = PBXFileReference; fileEncoding = 4; lastKnownFileType = sourcecode.c.h; path = AppContext.h; sourceTree = "<group>"; };
		90C7F2FA1C1FF911003289EA /* AppContext.m */ = {isa = PBXFileReference; fileEncoding = 4; lastKnownFileType = sourcecode.c.objc; path = AppContext.m; sourceTree = "<group>"; };
		90C7F2FC1C1FFB6A003289EA /* extError.h */ = {isa = PBXFileReference; fileEncoding = 4; lastKnownFileType = sourcecode.c.h; path = extError.h; sourceTree = "<group>"; };
		90C7F2FD1C1FFB6A003289EA /* extError.m */ = {isa = PBXFileReference; fileEncoding = 4; lastKnownFileType = sourcecode.c.objc; path = extError.m; sourceTree = "<group>"; };
		90C7F4011C200037003289EA /* UIKit.framework */ = {isa = PBXFileReference; lastKnownFileType = wrapper.framework; name = UIKit.framework; path = System/Library/Frameworks/UIKit.framework; sourceTree = SDKROOT; };
		90C7F4031C20003E003289EA /* CoreFoundation.framework */ = {isa = PBXFileReference; lastKnownFileType = wrapper.framework; name = CoreFoundation.framework; path = System/Library/Frameworks/CoreFoundation.framework; sourceTree = SDKROOT; };
		90C7F4051C200045003289EA /* CoreText.framework */ = {isa = PBXFileReference; lastKnownFileType = wrapper.framework; name = CoreText.framework; path = System/Library/Frameworks/CoreText.framework; sourceTree = SDKROOT; };
		90C7F4071C20004C003289EA /* CoreGraphics.framework */ = {isa = PBXFileReference; lastKnownFileType = wrapper.framework; name = CoreGraphics.framework; path = System/Library/Frameworks/CoreGraphics.framework; sourceTree = SDKROOT; };
		90C7F4091C200053003289EA /* CoreImage.framework */ = {isa = PBXFileReference; lastKnownFileType = wrapper.framework; name = CoreImage.framework; path = System/Library/Frameworks/CoreImage.framework; sourceTree = SDKROOT; };
		90C7F40B1C20005B003289EA /* QuartzCore.framework */ = {isa = PBXFileReference; lastKnownFileType = wrapper.framework; name = QuartzCore.framework; path = System/Library/Frameworks/QuartzCore.framework; sourceTree = SDKROOT; };
		90C7F40D1C200066003289EA /* ImageIO.framework */ = {isa = PBXFileReference; lastKnownFileType = wrapper.framework; name = ImageIO.framework; path = System/Library/Frameworks/ImageIO.framework; sourceTree = SDKROOT; };
		90C7F40F1C20006B003289EA /* AssetsLibrary.framework */ = {isa = PBXFileReference; lastKnownFileType = wrapper.framework; name = AssetsLibrary.framework; path = System/Library/Frameworks/AssetsLibrary.framework; sourceTree = SDKROOT; };
		90C7F4111C200072003289EA /* Accelerate.framework */ = {isa = PBXFileReference; lastKnownFileType = wrapper.framework; name = Accelerate.framework; path = System/Library/Frameworks/Accelerate.framework; sourceTree = SDKROOT; };
		90C7F4131C20007A003289EA /* MobileCoreServices.framework */ = {isa = PBXFileReference; lastKnownFileType = wrapper.framework; name = MobileCoreServices.framework; path = System/Library/Frameworks/MobileCoreServices.framework; sourceTree = SDKROOT; };
		90C7F4151C200091003289EA /* SystemConfiguration.framework */ = {isa = PBXFileReference; lastKnownFileType = wrapper.framework; name = SystemConfiguration.framework; path = System/Library/Frameworks/SystemConfiguration.framework; sourceTree = SDKROOT; };
		90C7F4171C20009E003289EA /* libsqlite3.tbd */ = {isa = PBXFileReference; lastKnownFileType = "sourcecode.text-based-dylib-definition"; name = libsqlite3.tbd; path = usr/lib/libsqlite3.tbd; sourceTree = SDKROOT; };
		90C7F4191C2000AF003289EA /* libz.tbd */ = {isa = PBXFileReference; lastKnownFileType = "sourcecode.text-based-dylib-definition"; name = libz.tbd; path = usr/lib/libz.tbd; sourceTree = SDKROOT; };
		90D1FB841C2B07CC0097CB1A /* Person.h */ = {isa = PBXFileReference; fileEncoding = 4; lastKnownFileType = sourcecode.c.h; path = Person.h; sourceTree = "<group>"; };
		90D1FB851C2B07CC0097CB1A /* Person.m */ = {isa = PBXFileReference; fileEncoding = 4; lastKnownFileType = sourcecode.c.objc; path = Person.m; sourceTree = "<group>"; };
		90D1FB871C2B07D70097CB1A /* Dog.h */ = {isa = PBXFileReference; fileEncoding = 4; lastKnownFileType = sourcecode.c.h; path = Dog.h; sourceTree = "<group>"; };
		90D1FB881C2B07D70097CB1A /* Dog.m */ = {isa = PBXFileReference; fileEncoding = 4; lastKnownFileType = sourcecode.c.objc; path = Dog.m; sourceTree = "<group>"; };
		90D1FB8A1C2B0E1E0097CB1A /* RealmViewController.h */ = {isa = PBXFileReference; fileEncoding = 4; lastKnownFileType = sourcecode.c.h; path = RealmViewController.h; sourceTree = "<group>"; };
		90D1FB8B1C2B0E1E0097CB1A /* RealmViewController.m */ = {isa = PBXFileReference; fileEncoding = 4; lastKnownFileType = sourcecode.c.objc; path = RealmViewController.m; sourceTree = "<group>"; };
		90FAE7351C29503200271AAA /* BaseTableViewCell.h */ = {isa = PBXFileReference; fileEncoding = 4; lastKnownFileType = sourcecode.c.h; path = BaseTableViewCell.h; sourceTree = "<group>"; };
		90FAE7361C29503200271AAA /* BaseTableViewCell.m */ = {isa = PBXFileReference; fileEncoding = 4; lastKnownFileType = sourcecode.c.objc; path = BaseTableViewCell.m; sourceTree = "<group>"; };
		90FAE7381C29504A00271AAA /* FirstViewCell.h */ = {isa = PBXFileReference; fileEncoding = 4; lastKnownFileType = sourcecode.c.h; path = FirstViewCell.h; sourceTree = "<group>"; };
		90FAE7391C29504A00271AAA /* FirstViewCell.m */ = {isa = PBXFileReference; fileEncoding = 4; lastKnownFileType = sourcecode.c.objc; path = FirstViewCell.m; sourceTree = "<group>"; };
		90FAE73E1C2952B100271AAA /* DTouchViewController.h */ = {isa = PBXFileReference; fileEncoding = 4; lastKnownFileType = sourcecode.c.h; path = DTouchViewController.h; sourceTree = "<group>"; };
		90FAE73F1C2952B100271AAA /* DTouchViewController.m */ = {isa = PBXFileReference; fileEncoding = 4; lastKnownFileType = sourcecode.c.objc; path = DTouchViewController.m; sourceTree = "<group>"; };
		90FAE7411C2959B100271AAA /* DTouchDetailViewController.h */ = {isa = PBXFileReference; fileEncoding = 4; lastKnownFileType = sourcecode.c.h; path = DTouchDetailViewController.h; sourceTree = "<group>"; };
		90FAE7421C2959B100271AAA /* DTouchDetailViewController.m */ = {isa = PBXFileReference; fileEncoding = 4; lastKnownFileType = sourcecode.c.objc; path = DTouchDetailViewController.m; sourceTree = "<group>"; };
		90FAE7511C2A4AC300271AAA /* GuideView.h */ = {isa = PBXFileReference; fileEncoding = 4; lastKnownFileType = sourcecode.c.h; path = GuideView.h; sourceTree = "<group>"; };
		90FAE7521C2A4AC300271AAA /* GuideView.m */ = {isa = PBXFileReference; fileEncoding = 4; lastKnownFileType = sourcecode.c.objc; path = GuideView.m; sourceTree = "<group>"; };
		E8D45C5F42D93E98B63EF691 /* Pods.debug.xcconfig */ = {isa = PBXFileReference; includeInIndex = 1; lastKnownFileType = text.xcconfig; name = Pods.debug.xcconfig; path = "Pods/Target Support Files/Pods/Pods.debug.xcconfig"; sourceTree = "<group>"; };
/* End PBXFileReference section */

/* Begin PBXFrameworksBuildPhase section */
		904677C21C1E71420026F096 /* Frameworks */ = {
			isa = PBXFrameworksBuildPhase;
			buildActionMask = 2147483647;
			files = (
				90C7F41A1C2000AF003289EA /* libz.tbd in Frameworks */,
				90C7F4181C20009E003289EA /* libsqlite3.tbd in Frameworks */,
				90C7F4161C200091003289EA /* SystemConfiguration.framework in Frameworks */,
				90C7F4141C20007A003289EA /* MobileCoreServices.framework in Frameworks */,
				90AAFD1D1C2C52B40091E422 /* Realm.framework in Frameworks */,
				90C7F4121C200072003289EA /* Accelerate.framework in Frameworks */,
				90C7F4101C20006B003289EA /* AssetsLibrary.framework in Frameworks */,
				90C7F40E1C200066003289EA /* ImageIO.framework in Frameworks */,
				90C7F40C1C20005B003289EA /* QuartzCore.framework in Frameworks */,
				90C7F40A1C200053003289EA /* CoreImage.framework in Frameworks */,
				90C7F4081C20004C003289EA /* CoreGraphics.framework in Frameworks */,
				90C7F4061C200045003289EA /* CoreText.framework in Frameworks */,
				90C7F4041C20003E003289EA /* CoreFoundation.framework in Frameworks */,
				90C7F4021C200037003289EA /* UIKit.framework in Frameworks */,
				E6B145A953677ACAAD60279B /* libPods.a in Frameworks */,
			);
			runOnlyForDeploymentPostprocessing = 0;
		};
/* End PBXFrameworksBuildPhase section */

/* Begin PBXGroup section */
		5B93DE200A0F73B46BED59B0 /* Frameworks */ = {
			isa = PBXGroup;
			children = (
				78FB942FDA4542A9264B7E9E /* libPods.a */,
			);
			name = Frameworks;
			sourceTree = "<group>";
		};
		8C984495410E90C31BA7884A /* Pods */ = {
			isa = PBXGroup;
			children = (
				E8D45C5F42D93E98B63EF691 /* Pods.debug.xcconfig */,
				7B8F59611FA324A4629878FD /* Pods.release.xcconfig */,
			);
			name = Pods;
			sourceTree = "<group>";
		};
		904677BC1C1E71410026F096 = {
			isa = PBXGroup;
			children = (
				90AAFD1C1C2C52B40091E422 /* Realm.framework */,
				90C7F4191C2000AF003289EA /* libz.tbd */,
				90C7F4171C20009E003289EA /* libsqlite3.tbd */,
				90C7F4151C200091003289EA /* SystemConfiguration.framework */,
				90C7F4131C20007A003289EA /* MobileCoreServices.framework */,
				90C7F4111C200072003289EA /* Accelerate.framework */,
				90C7F40F1C20006B003289EA /* AssetsLibrary.framework */,
				90C7F40D1C200066003289EA /* ImageIO.framework */,
				90C7F40B1C20005B003289EA /* QuartzCore.framework */,
				90C7F4091C200053003289EA /* CoreImage.framework */,
				90C7F4071C20004C003289EA /* CoreGraphics.framework */,
				90C7F4051C200045003289EA /* CoreText.framework */,
				90C7F4031C20003E003289EA /* CoreFoundation.framework */,
				90C7F4011C200037003289EA /* UIKit.framework */,
				904677C71C1E71420026F096 /* Project_iOS */,
				904677C61C1E71420026F096 /* Products */,
				8C984495410E90C31BA7884A /* Pods */,
				5B93DE200A0F73B46BED59B0 /* Frameworks */,
			);
			sourceTree = "<group>";
		};
		904677C61C1E71420026F096 /* Products */ = {
			isa = PBXGroup;
			children = (
				904677C51C1E71420026F096 /* Project_iOS.app */,
			);
			name = Products;
			sourceTree = "<group>";
		};
		904677C71C1E71420026F096 /* Project_iOS */ = {
			isa = PBXGroup;
			children = (
				908E6C181C1EB3BF00CDD941 /* First */,
				908E6C1C1C1EB3BF00CDD941 /* Second */,
				908E6C201C1EB3CA00CDD941 /* Third */,
				904677E21C1E73F60026F096 /* Addtional */,
				9046780F1C1E73F60026F096 /* Base */,
				904678121C1E73F60026F096 /* Common */,
				904678191C1E73F60026F096 /* Manager */,
				9046781E1C1E73F60026F096 /* Request */,
				904678231C1E73F60026F096 /* ThirdPart */,
				9046781F1C1E73F60026F096 /* Resource */,
				904677CB1C1E71420026F096 /* AppDelegate.h */,
				904677CC1C1E71420026F096 /* AppDelegate.m */,
				904677CE1C1E71420026F096 /* ViewController.h */,
				904677CF1C1E71420026F096 /* ViewController.m */,
				904678E41C1E76070026F096 /* PrefixHeader.pch */,
				904677D11C1E71420026F096 /* Main.storyboard */,
				904677D71C1E71420026F096 /* Assets.xcassets */,
				904677DC1C1E71420026F096 /* Info.plist */,
				904677D41C1E71420026F096 /* Project_iOS.xcdatamodeld */,
				904677C81C1E71420026F096 /* Supporting Files */,
			);
			path = Project_iOS;
			sourceTree = "<group>";
		};
		904677C81C1E71420026F096 /* Supporting Files */ = {
			isa = PBXGroup;
			children = (
				904677C91C1E71420026F096 /* main.m */,
			);
			name = "Supporting Files";
			sourceTree = "<group>";
		};
		904677E21C1E73F60026F096 /* Addtional */ = {
			isa = PBXGroup;
			children = (
				904677E31C1E73F60026F096 /* Addtional.h */,
				904677E41C1E73F60026F096 /* CALayer+Add.h */,
				904677E51C1E73F60026F096 /* CALayer+Add.m */,
				904677E61C1E73F60026F096 /* NSBundle+Scale.h */,
				904677E71C1E73F60026F096 /* NSBundle+Scale.m */,
				904677E81C1E73F60026F096 /* NSDate+NSDateExt.h */,
				904677E91C1E73F60026F096 /* NSDate+NSDateExt.m */,
				904677EA1C1E73F60026F096 /* NSDictionary+NSDictionaryExt.h */,
				904677EB1C1E73F60026F096 /* NSDictionary+NSDictionaryExt.m */,
				904677EC1C1E73F60026F096 /* NSKeyedUnarchiver+ExceptionCatch.h */,
				904677ED1C1E73F60026F096 /* NSKeyedUnarchiver+ExceptionCatch.m */,
				904677EE1C1E73F60026F096 /* NSObject-ClassName.h */,
				904677EF1C1E73F60026F096 /* NSObject-ClassName.m */,
				904677F01C1E73F60026F096 /* NSString+NSStringEx.h */,
				904677F11C1E73F60026F096 /* NSString+NSStringEx.m */,
				904677F21C1E73F60026F096 /* SMS_UILib */,
				904677F71C1E73F60026F096 /* UIBarButtonItem+Image.h */,
				904677F81C1E73F60026F096 /* UIBarButtonItem+Image.m */,
				904677F91C1E73F60026F096 /* UIButton+Addictions.h */,
				904677FA1C1E73F60026F096 /* UIButton+Addictions.m */,
				904677FB1C1E73F60026F096 /* UIButton+RHCUIButtonExt.h */,
				904677FC1C1E73F60026F096 /* UIButton+RHCUIButtonExt.m */,
				904677FD1C1E73F60026F096 /* UIControl+Add.h */,
				904677FE1C1E73F60026F096 /* UIControl+Add.m */,
				904677FF1C1E73F60026F096 /* UIDevice+Addtional.h */,
				904678001C1E73F60026F096 /* UIDevice+Addtional.m */,
				904678011C1E73F60026F096 /* UIDevice+UIDeviceExt.h */,
				904678021C1E73F60026F096 /* UIDevice+UIDeviceExt.m */,
				904678031C1E73F60026F096 /* UIFont+Ext.h */,
				904678041C1E73F60026F096 /* UIFont+Ext.m */,
				904678051C1E73F60026F096 /* UIImage+Addtional.h */,
				904678061C1E73F60026F096 /* UIImage+Addtional.m */,
				904678071C1E73F60026F096 /* UINavigationBar+Image.h */,
				904678081C1E73F60026F096 /* UINavigationBar+Image.m */,
				904678091C1E73F60026F096 /* UITableViewAdditions.h */,
				9046780A1C1E73F60026F096 /* UITableViewAdditions.m */,
				9046780B1C1E73F60026F096 /* UIView+Additions.h */,
				9046780C1C1E73F60026F096 /* UIView+Additions.m */,
				9046780D1C1E73F60026F096 /* UIWindow+RscExt.h */,
				9046780E1C1E73F60026F096 /* UIWindow+RscExt.m */,
			);
			path = Addtional;
			sourceTree = "<group>";
		};
		904677F21C1E73F60026F096 /* SMS_UILib */ = {
			isa = PBXGroup;
			children = (
				904677F31C1E73F60026F096 /* NSDictionary-DeepMutableCopy.h */,
				904677F41C1E73F60026F096 /* NSDictionary-DeepMutableCopy.m */,
				904677F51C1E73F60026F096 /* SMS_HYZBadgeView.h */,
				904677F61C1E73F60026F096 /* SMS_HYZBadgeView.m */,
			);
			path = SMS_UILib;
			sourceTree = "<group>";
		};
		9046780F1C1E73F60026F096 /* Base */ = {
			isa = PBXGroup;
			children = (
				90FAE7511C2A4AC300271AAA /* GuideView.h */,
				90FAE7521C2A4AC300271AAA /* GuideView.m */,
				904678101C1E73F60026F096 /* BaseViewController.h */,
				904678111C1E73F60026F096 /* BaseViewController.m */,
				90FAE7351C29503200271AAA /* BaseTableViewCell.h */,
				90FAE7361C29503200271AAA /* BaseTableViewCell.m */,
			);
			path = Base;
			sourceTree = "<group>";
		};
		904678121C1E73F60026F096 /* Common */ = {
			isa = PBXGroup;
			children = (
				904678131C1E73F60026F096 /* AppNavigationController.h */,
				904678141C1E73F60026F096 /* AppNavigationController.m */,
				904678151C1E73F60026F096 /* AppNavigator.h */,
				904678161C1E73F60026F096 /* AppNavigator.m */,
				908E6C151C1EB18100CDD941 /* AppTabBarViewController.h */,
				908E6C161C1EB18100CDD941 /* AppTabBarViewController.m */,
				90C7F2F91C1FF911003289EA /* AppContext.h */,
				90C7F2FA1C1FF911003289EA /* AppContext.m */,
			);
			path = Common;
			sourceTree = "<group>";
		};
		904678191C1E73F60026F096 /* Manager */ = {
			isa = PBXGroup;
			children = (
				908E6C2D1C1EB52200CDD941 /* PKResManager */,
				908E6C121C1EB13900CDD941 /* AppTabBarManager.h */,
				908E6C131C1EB13900CDD941 /* AppTabBarManager.m */,
			);
			path = Manager;
			sourceTree = "<group>";
		};
		9046781E1C1E73F60026F096 /* Request */ = {
			isa = PBXGroup;
			children = (
				90C7F2FC1C1FFB6A003289EA /* extError.h */,
				90C7F2FD1C1FFB6A003289EA /* extError.m */,
				90C7F2F61C1FF89C003289EA /* BaseRequset.h */,
				90C7F2F71C1FF89C003289EA /* BaseRequset.m */,
				9087B55B1C313C72005346C4 /* FirstRequset.h */,
				9087B55C1C313C72005346C4 /* FirstRequset.m */,
			);
			path = Request;
			sourceTree = "<group>";
		};
		9046781F1C1E73F60026F096 /* Resource */ = {
			isa = PBXGroup;
			children = (
				904678201C1E73F60026F096 /* lt.ttf */,
				904678211C1E73F60026F096 /* resource_common.bundle */,
				904678221C1E73F60026F096 /* skin_default.bundle */,
			);
			path = Resource;
			sourceTree = "<group>";
		};
		904678231C1E73F60026F096 /* ThirdPart */ = {
			isa = PBXGroup;
			children = (
				90B2A4251C34278A00739018 /* SDAutoLayout */,
				9087B5341C31315A005346C4 /* Lumberjack */,
				904678381C1E73F60026F096 /* GTM */,
				904678591C1E73F60026F096 /* SDCycleScrollView */,
				904678691C1E73F60026F096 /* SDWebImage */,
				9046788B1C1E73F60026F096 /* TouchJSON */,
			);
			path = ThirdPart;
			sourceTree = "<group>";
		};
		904678381C1E73F60026F096 /* GTM */ = {
			isa = PBXGroup;
			children = (
				904678391C1E73F60026F096 /* GTMBase64.h */,
				9046783A1C1E73F60026F096 /* GTMBase64.m */,
				9046783B1C1E73F60026F096 /* GTMDefines.h */,
				9046783C1C1E73F60026F096 /* GTMStackTrace.h */,
				9046783D1C1E73F60026F096 /* GTMStackTrace.m */,
			);
			path = GTM;
			sourceTree = "<group>";
		};
		904678591C1E73F60026F096 /* SDCycleScrollView */ = {
			isa = PBXGroup;
			children = (
				9046785A1C1E73F60026F096 /* PageControl */,
				904678631C1E73F60026F096 /* SDCollectionViewCell.h */,
				904678641C1E73F60026F096 /* SDCollectionViewCell.m */,
				904678651C1E73F60026F096 /* SDCycleScrollView.h */,
				904678661C1E73F60026F096 /* SDCycleScrollView.m */,
				904678671C1E73F60026F096 /* UIView+SDExtension.h */,
				904678681C1E73F60026F096 /* UIView+SDExtension.m */,
			);
			path = SDCycleScrollView;
			sourceTree = "<group>";
		};
		9046785A1C1E73F60026F096 /* PageControl */ = {
			isa = PBXGroup;
			children = (
				9046785B1C1E73F60026F096 /* TAAbstractDotView.h */,
				9046785C1C1E73F60026F096 /* TAAbstractDotView.m */,
				9046785D1C1E73F60026F096 /* TAAnimatedDotView.h */,
				9046785E1C1E73F60026F096 /* TAAnimatedDotView.m */,
				9046785F1C1E73F60026F096 /* TADotView.h */,
				904678601C1E73F60026F096 /* TADotView.m */,
				904678611C1E73F60026F096 /* TAPageControl.h */,
				904678621C1E73F60026F096 /* TAPageControl.m */,
			);
			path = PageControl;
			sourceTree = "<group>";
		};
		904678691C1E73F60026F096 /* SDWebImage */ = {
			isa = PBXGroup;
			children = (
				9046786A1C1E73F60026F096 /* MKAnnotationView+WebCache.h */,
				9046786B1C1E73F60026F096 /* MKAnnotationView+WebCache.m */,
				9046786C1C1E73F60026F096 /* NSData+ImageContentType.h */,
				9046786D1C1E73F60026F096 /* NSData+ImageContentType.m */,
				9046786E1C1E73F60026F096 /* SDImageCache.h */,
				9046786F1C1E73F60026F096 /* SDImageCache.m */,
				904678701C1E73F60026F096 /* SDWebImageCompat.h */,
				904678711C1E73F60026F096 /* SDWebImageCompat.m */,
				904678721C1E73F60026F096 /* SDWebImageDecoder.h */,
				904678731C1E73F60026F096 /* SDWebImageDecoder.m */,
				904678741C1E73F60026F096 /* SDWebImageDownloader.h */,
				904678751C1E73F60026F096 /* SDWebImageDownloader.m */,
				904678761C1E73F60026F096 /* SDWebImageDownloaderOperation.h */,
				904678771C1E73F60026F096 /* SDWebImageDownloaderOperation.m */,
				904678781C1E73F60026F096 /* SDWebImageManager.h */,
				904678791C1E73F60026F096 /* SDWebImageManager.m */,
				9046787A1C1E73F60026F096 /* SDWebImageOperation.h */,
				9046787B1C1E73F60026F096 /* SDWebImagePrefetcher.h */,
				9046787C1C1E73F60026F096 /* SDWebImagePrefetcher.m */,
				9046787D1C1E73F60026F096 /* UIButton+WebCache.h */,
				9046787E1C1E73F60026F096 /* UIButton+WebCache.m */,
				9046787F1C1E73F60026F096 /* UIImage+GIF.h */,
				904678801C1E73F60026F096 /* UIImage+GIF.m */,
				904678811C1E73F60026F096 /* UIImage+MultiFormat.h */,
				904678821C1E73F60026F096 /* UIImage+MultiFormat.m */,
				904678831C1E73F60026F096 /* UIImage+WebP.h */,
				904678841C1E73F60026F096 /* UIImage+WebP.m */,
				904678851C1E73F60026F096 /* UIImageView+HighlightedWebCache.h */,
				904678861C1E73F60026F096 /* UIImageView+HighlightedWebCache.m */,
				904678871C1E73F60026F096 /* UIImageView+WebCache.h */,
				904678881C1E73F60026F096 /* UIImageView+WebCache.m */,
				904678891C1E73F60026F096 /* UIView+WebCacheOperation.h */,
				9046788A1C1E73F60026F096 /* UIView+WebCacheOperation.m */,
			);
			path = SDWebImage;
			sourceTree = "<group>";
		};
		9046788B1C1E73F60026F096 /* TouchJSON */ = {
			isa = PBXGroup;
			children = (
				9046788C1C1E73F60026F096 /* CJSONDeserializer.h */,
				9046788D1C1E73F60026F096 /* CJSONDeserializer.m */,
				9046788E1C1E73F60026F096 /* CJSONSerializer.h */,
				9046788F1C1E73F60026F096 /* CJSONSerializer.m */,
				904678901C1E73F60026F096 /* JSONRepresentation.h */,
				904678911C1E73F60026F096 /* NSDictionary_JSONExtensions.h */,
				904678921C1E73F60026F096 /* NSDictionary_JSONExtensions.m */,
			);
			path = TouchJSON;
			sourceTree = "<group>";
		};
		9087B5341C31315A005346C4 /* Lumberjack */ = {
			isa = PBXGroup;
			children = (
				9087B5351C31315A005346C4 /* CLI */,
				9087B5381C31315A005346C4 /* DDAbstractDatabaseLogger.h */,
				9087B5391C31315A005346C4 /* DDAbstractDatabaseLogger.m */,
				9087B53A1C31315A005346C4 /* DDASLLogCapture.h */,
				9087B53B1C31315A005346C4 /* DDASLLogCapture.m */,
				9087B53C1C31315A005346C4 /* DDASLLogger.h */,
				9087B53D1C31315A005346C4 /* DDASLLogger.m */,
				9087B53E1C31315A005346C4 /* DDFileLogger.h */,
				9087B53F1C31315A005346C4 /* DDFileLogger.m */,
				9087B5401C31315A005346C4 /* DDLog+LOGV.h */,
				9087B5411C31315A005346C4 /* DDLog.h */,
				9087B5421C31315A005346C4 /* DDLog.m */,
				9087B5431C31315A005346C4 /* DDTTYLogger.h */,
				9087B5441C31315A005346C4 /* DDTTYLogger.m */,
				9087B5451C31315A005346C4 /* Extensions */,
			);
			path = Lumberjack;
			sourceTree = "<group>";
		};
		9087B5351C31315A005346C4 /* CLI */ = {
			isa = PBXGroup;
			children = (
				9087B5361C31315A005346C4 /* CLIColor.h */,
				9087B5371C31315A005346C4 /* CLIColor.m */,
			);
			path = CLI;
			sourceTree = "<group>";
		};
		9087B5451C31315A005346C4 /* Extensions */ = {
			isa = PBXGroup;
			children = (
				9087B5461C31315A005346C4 /* DDContextFilterLogFormatter.h */,
				9087B5471C31315A005346C4 /* DDContextFilterLogFormatter.m */,
				9087B5481C31315A005346C4 /* DDDispatchQueueLogFormatter.h */,
				9087B5491C31315A005346C4 /* DDDispatchQueueLogFormatter.m */,
				9087B54A1C31315A005346C4 /* DDMultiFormatter.h */,
				9087B54B1C31315A005346C4 /* DDMultiFormatter.m */,
				9087B54C1C31315A005346C4 /* README.txt */,
			);
			path = Extensions;
			sourceTree = "<group>";
		};
		908E6C181C1EB3BF00CDD941 /* First */ = {
			isa = PBXGroup;
			children = (
				908E6C191C1EB3BF00CDD941 /* Model */,
				908E6C1A1C1EB3BF00CDD941 /* View */,
				908E6C1B1C1EB3BF00CDD941 /* ViewController */,
			);
			path = First;
			sourceTree = "<group>";
		};
		908E6C191C1EB3BF00CDD941 /* Model */ = {
			isa = PBXGroup;
			children = (
				90D1FB841C2B07CC0097CB1A /* Person.h */,
				90D1FB851C2B07CC0097CB1A /* Person.m */,
				90D1FB871C2B07D70097CB1A /* Dog.h */,
				90D1FB881C2B07D70097CB1A /* Dog.m */,
				90B2A4321C3429C900739018 /* AutoLayoutModel.h */,
				90B2A4331C3429C900739018 /* AutoLayoutModel.m */,
			);
			path = Model;
			sourceTree = "<group>";
		};
		908E6C1A1C1EB3BF00CDD941 /* View */ = {
			isa = PBXGroup;
			children = (
				90FAE7381C29504A00271AAA /* FirstViewCell.h */,
				90FAE7391C29504A00271AAA /* FirstViewCell.m */,
				90AAFD201C2C57360091E422 /* DTouchViewCell.h */,
				90AAFD211C2C57360091E422 /* DTouchViewCell.m */,
				90B2A42F1C34291200739018 /* CellAutoLayoutCell.h */,
				90B2A4301C34291200739018 /* CellAutoLayoutCell.m */,
			);
			path = View;
			sourceTree = "<group>";
		};
		908E6C1B1C1EB3BF00CDD941 /* ViewController */ = {
			isa = PBXGroup;
			children = (
				908E6C241C1EB3E000CDD941 /* FirstViewController.h */,
				908E6C251C1EB3E000CDD941 /* FirstViewController.m */,
				90FAE73E1C2952B100271AAA /* DTouchViewController.h */,
				90FAE73F1C2952B100271AAA /* DTouchViewController.m */,
				90B2A42C1C3427CE00739018 /* CellAutoLayoutViewController.h */,
				90B2A42D1C3427CE00739018 /* CellAutoLayoutViewController.m */,
				90121CEC1C34E1E400D4075D /* MultiThreadViewController.h */,
				90121CED1C34E1E400D4075D /* MultiThreadViewController.m */,
				90121CEF1C35153E00D4075D /* RunloopViewController.h */,
				90121CF01C35153E00D4075D /* RunloopViewController.m */,
				90FAE7411C2959B100271AAA /* DTouchDetailViewController.h */,
				90FAE7421C2959B100271AAA /* DTouchDetailViewController.m */,
				90D1FB8A1C2B0E1E0097CB1A /* RealmViewController.h */,
				90D1FB8B1C2B0E1E0097CB1A /* RealmViewController.m */,
			);
			path = ViewController;
			sourceTree = "<group>";
		};
		908E6C1C1C1EB3BF00CDD941 /* Second */ = {
			isa = PBXGroup;
			children = (
				908E6C1D1C1EB3BF00CDD941 /* Model */,
				908E6C1E1C1EB3BF00CDD941 /* View */,
				908E6C1F1C1EB3BF00CDD941 /* ViewController */,
			);
			path = Second;
			sourceTree = "<group>";
		};
		908E6C1D1C1EB3BF00CDD941 /* Model */ = {
			isa = PBXGroup;
			children = (
			);
			path = Model;
			sourceTree = "<group>";
		};
		908E6C1E1C1EB3BF00CDD941 /* View */ = {
			isa = PBXGroup;
			children = (
			);
			path = View;
			sourceTree = "<group>";
		};
		908E6C1F1C1EB3BF00CDD941 /* ViewController */ = {
			isa = PBXGroup;
			children = (
				908E6C271C1EB3EF00CDD941 /* SecondViewController.h */,
				908E6C281C1EB3EF00CDD941 /* SecondViewController.m */,
			);
			path = ViewController;
			sourceTree = "<group>";
		};
		908E6C201C1EB3CA00CDD941 /* Third */ = {
			isa = PBXGroup;
			children = (
				908E6C211C1EB3CA00CDD941 /* Model */,
				908E6C221C1EB3CA00CDD941 /* View */,
				908E6C231C1EB3CA00CDD941 /* ViewController */,
			);
			path = Third;
			sourceTree = "<group>";
		};
		908E6C211C1EB3CA00CDD941 /* Model */ = {
			isa = PBXGroup;
			children = (
			);
			path = Model;
			sourceTree = "<group>";
		};
		908E6C221C1EB3CA00CDD941 /* View */ = {
			isa = PBXGroup;
			children = (
			);
			path = View;
			sourceTree = "<group>";
		};
		908E6C231C1EB3CA00CDD941 /* ViewController */ = {
			isa = PBXGroup;
			children = (
				908E6C2A1C1EB3FA00CDD941 /* ThirdViewController.h */,
				908E6C2B1C1EB3FA00CDD941 /* ThirdViewController.m */,
			);
			path = ViewController;
			sourceTree = "<group>";
		};
		908E6C2D1C1EB52200CDD941 /* PKResManager */ = {
			isa = PBXGroup;
			children = (
				908E6C2E1C1EB52200CDD941 /* Additions */,
				908E6C371C1EB52200CDD941 /* PKResManager.h */,
				908E6C381C1EB52200CDD941 /* PKResManager.m */,
				908E6C391C1EB52200CDD941 /* PKResManagerKit.h */,
			);
			path = PKResManager;
			sourceTree = "<group>";
		};
		908E6C2E1C1EB52200CDD941 /* Additions */ = {
			isa = PBXGroup;
			children = (
				908E6C2F1C1EB52200CDD941 /* PKAnimation+PKType.h */,
				908E6C301C1EB52200CDD941 /* PKAnimation+PKType.m */,
				908E6C311C1EB52200CDD941 /* UIColor+PKColor.h */,
				908E6C321C1EB52200CDD941 /* UIColor+PKColor.m */,
				908E6C331C1EB52200CDD941 /* UIFont+PKFont.h */,
				908E6C341C1EB52200CDD941 /* UIFont+PKFont.m */,
				908E6C351C1EB52200CDD941 /* UIImage+PKImage.h */,
				908E6C361C1EB52200CDD941 /* UIImage+PKImage.m */,
			);
			path = Additions;
			sourceTree = "<group>";
		};
		90B2A4251C34278A00739018 /* SDAutoLayout */ = {
			isa = PBXGroup;
			children = (
				90B2A4261C34278A00739018 /* UITableView+SDAutoTableViewCellHeight.h */,
				90B2A4271C34278A00739018 /* UITableView+SDAutoTableViewCellHeight.m */,
				90B2A4281C34278A00739018 /* UIView+SDAutoLayout.h */,
				90B2A4291C34278A00739018 /* UIView+SDAutoLayout.m */,
			);
			path = SDAutoLayout;
			sourceTree = "<group>";
		};
/* End PBXGroup section */

/* Begin PBXNativeTarget section */
		904677C41C1E71420026F096 /* Project_iOS */ = {
			isa = PBXNativeTarget;
			buildConfigurationList = 904677DF1C1E71420026F096 /* Build configuration list for PBXNativeTarget "Project_iOS" */;
			buildPhases = (
				7AFACC0C3CEA2BB1DFE96F2B /* Check Pods Manifest.lock */,
				904677C11C1E71420026F096 /* Sources */,
				904677C21C1E71420026F096 /* Frameworks */,
				904677C31C1E71420026F096 /* Resources */,
				909C5A5E1C2AFF6100F1C6B1 /* ShellScript */,
				90AAFD1F1C2C52B40091E422 /* Embed Frameworks */,
				6045D6075930ACED0500E5BF /* Embed Pods Frameworks */,
				B57375C9CE2ECC924D3C7372 /* Copy Pods Resources */,
			);
			buildRules = (
			);
			dependencies = (
			);
			name = Project_iOS;
			productName = Project_iOS;
			productReference = 904677C51C1E71420026F096 /* Project_iOS.app */;
			productType = "com.apple.product-type.application";
		};
/* End PBXNativeTarget section */

/* Begin PBXProject section */
		904677BD1C1E71420026F096 /* Project object */ = {
			isa = PBXProject;
			attributes = {
				LastUpgradeCheck = 0710;
				ORGANIZATIONNAME = "刘旭";
				TargetAttributes = {
					904677C41C1E71420026F096 = {
						CreatedOnToolsVersion = 7.1;
					};
				};
			};
			buildConfigurationList = 904677C01C1E71420026F096 /* Build configuration list for PBXProject "Project_iOS" */;
			compatibilityVersion = "Xcode 3.2";
			developmentRegion = English;
			hasScannedForEncodings = 0;
			knownRegions = (
				en,
				Base,
			);
			mainGroup = 904677BC1C1E71410026F096;
			productRefGroup = 904677C61C1E71420026F096 /* Products */;
			projectDirPath = "";
			projectRoot = "";
			targets = (
				904677C41C1E71420026F096 /* Project_iOS */,
			);
		};
/* End PBXProject section */

/* Begin PBXResourcesBuildPhase section */
		904677C31C1E71420026F096 /* Resources */ = {
			isa = PBXResourcesBuildPhase;
			buildActionMask = 2147483647;
			files = (
				904678B01C1E73F60026F096 /* skin_default.bundle in Resources */,
				904678AF1C1E73F60026F096 /* resource_common.bundle in Resources */,
				904677D81C1E71420026F096 /* Assets.xcassets in Resources */,
				904678AE1C1E73F60026F096 /* lt.ttf in Resources */,
				9087B5571C31315A005346C4 /* README.txt in Resources */,
				904677D31C1E71420026F096 /* Main.storyboard in Resources */,
			);
			runOnlyForDeploymentPostprocessing = 0;
		};
/* End PBXResourcesBuildPhase section */

/* Begin PBXShellScriptBuildPhase section */
		6045D6075930ACED0500E5BF /* Embed Pods Frameworks */ = {
			isa = PBXShellScriptBuildPhase;
			buildActionMask = 2147483647;
			files = (
			);
			inputPaths = (
			);
			name = "Embed Pods Frameworks";
			outputPaths = (
			);
			runOnlyForDeploymentPostprocessing = 0;
			shellPath = /bin/sh;
			shellScript = "\"${SRCROOT}/Pods/Target Support Files/Pods/Pods-frameworks.sh\"\n";
			showEnvVarsInLog = 0;
		};
		7AFACC0C3CEA2BB1DFE96F2B /* Check Pods Manifest.lock */ = {
			isa = PBXShellScriptBuildPhase;
			buildActionMask = 2147483647;
			files = (
			);
			inputPaths = (
			);
			name = "Check Pods Manifest.lock";
			outputPaths = (
			);
			runOnlyForDeploymentPostprocessing = 0;
			shellPath = /bin/sh;
			shellScript = "diff \"${PODS_ROOT}/../Podfile.lock\" \"${PODS_ROOT}/Manifest.lock\" > /dev/null\nif [[ $? != 0 ]] ; then\n    cat << EOM\nerror: The sandbox is not in sync with the Podfile.lock. Run 'pod install' or update your CocoaPods installation.\nEOM\n    exit 1\nfi\n";
			showEnvVarsInLog = 0;
		};
		909C5A5E1C2AFF6100F1C6B1 /* ShellScript */ = {
			isa = PBXShellScriptBuildPhase;
			buildActionMask = 8;
			files = (
			);
			inputPaths = (
			);
			outputPaths = (
			);
			runOnlyForDeploymentPostprocessing = 1;
			shellPath = /bin/sh;
			shellScript = "bash \"${BUILT_PRODUCTS_DIR}/${FRAMEWORKS_FOLDER_PATH}/Realm.framework/strip-frameworks.sh\"";
		};
		B57375C9CE2ECC924D3C7372 /* Copy Pods Resources */ = {
			isa = PBXShellScriptBuildPhase;
			buildActionMask = 2147483647;
			files = (
			);
			inputPaths = (
			);
			name = "Copy Pods Resources";
			outputPaths = (
			);
			runOnlyForDeploymentPostprocessing = 0;
			shellPath = /bin/sh;
			shellScript = "\"${SRCROOT}/Pods/Target Support Files/Pods/Pods-resources.sh\"\n";
			showEnvVarsInLog = 0;
		};
/* End PBXShellScriptBuildPhase section */

/* Begin PBXSourcesBuildPhase section */
		904677C11C1E71420026F096 /* Sources */ = {
			isa = PBXSourcesBuildPhase;
			buildActionMask = 2147483647;
			files = (
				9087B5521C31315A005346C4 /* DDLog.m in Sources */,
				904678D41C1E73F60026F096 /* SDWebImageDownloaderOperation.m in Sources */,
				908E6C3A1C1EB52200CDD941 /* PKAnimation+PKType.m in Sources */,
				904678A61C1E73F60026F096 /* UIView+Additions.m in Sources */,
				908E6C3E1C1EB52200CDD941 /* PKResManager.m in Sources */,
				904678CF1C1E73F60026F096 /* NSData+ImageContentType.m in Sources */,
				904678A71C1E73F60026F096 /* UIWindow+RscExt.m in Sources */,
				904678D01C1E73F60026F096 /* SDImageCache.m in Sources */,
				9046789A1C1E73F60026F096 /* NSDictionary-DeepMutableCopy.m in Sources */,
				904678CD1C1E73F60026F096 /* UIView+SDExtension.m in Sources */,
				904678DF1C1E73F60026F096 /* CJSONSerializer.m in Sources */,
				904678DC1C1E73F60026F096 /* UIImageView+WebCache.m in Sources */,
				904678C71C1E73F60026F096 /* TAAbstractDotView.m in Sources */,
				9087B55D1C313C72005346C4 /* FirstRequset.m in Sources */,
				908E6C3C1C1EB52200CDD941 /* UIFont+PKFont.m in Sources */,
				9046789E1C1E73F60026F096 /* UIButton+RHCUIButtonExt.m in Sources */,
				904678A51C1E73F60026F096 /* UITableViewAdditions.m in Sources */,
				9087B54D1C31315A005346C4 /* CLIColor.m in Sources */,
				904678A11C1E73F60026F096 /* UIDevice+UIDeviceExt.m in Sources */,
				904678DE1C1E73F60026F096 /* CJSONDeserializer.m in Sources */,
				9046789F1C1E73F60026F096 /* UIControl+Add.m in Sources */,
				904678DA1C1E73F60026F096 /* UIImage+WebP.m in Sources */,
				9087B5531C31315A005346C4 /* DDTTYLogger.m in Sources */,
				908E6C3D1C1EB52200CDD941 /* UIImage+PKImage.m in Sources */,
				90D1FB861C2B07CC0097CB1A /* Person.m in Sources */,
				90C7F2FE1C1FFB6A003289EA /* extError.m in Sources */,
				904678A91C1E73F60026F096 /* AppNavigationController.m in Sources */,
				908E6C141C1EB13900CDD941 /* AppTabBarManager.m in Sources */,
				904678C91C1E73F60026F096 /* TADotView.m in Sources */,
				904678A21C1E73F60026F096 /* UIFont+Ext.m in Sources */,
				904678CA1C1E73F60026F096 /* TAPageControl.m in Sources */,
				90C7F2FB1C1FF911003289EA /* AppContext.m in Sources */,
				90121CF11C35153E00D4075D /* RunloopViewController.m in Sources */,
				904678971C1E73F60026F096 /* NSKeyedUnarchiver+ExceptionCatch.m in Sources */,
				9087B5551C31315A005346C4 /* DDDispatchQueueLogFormatter.m in Sources */,
				90B2A42A1C34278A00739018 /* UITableView+SDAutoTableViewCellHeight.m in Sources */,
				9087B54F1C31315A005346C4 /* DDASLLogCapture.m in Sources */,
				90B2A42B1C34278A00739018 /* UIView+SDAutoLayout.m in Sources */,
				908E6C3B1C1EB52200CDD941 /* UIColor+PKColor.m in Sources */,
				90C7F2F81C1FF89C003289EA /* BaseRequset.m in Sources */,
				90B2A42E1C3427CE00739018 /* CellAutoLayoutViewController.m in Sources */,
				904678A81C1E73F60026F096 /* BaseViewController.m in Sources */,
				904677D01C1E71420026F096 /* ViewController.m in Sources */,
				904678CC1C1E73F60026F096 /* SDCycleScrollView.m in Sources */,
				908E6C261C1EB3E000CDD941 /* FirstViewController.m in Sources */,
				904678D51C1E73F60026F096 /* SDWebImageManager.m in Sources */,
				904678931C1E73F60026F096 /* CALayer+Add.m in Sources */,
				90FAE7431C2959B100271AAA /* DTouchDetailViewController.m in Sources */,
				904678DD1C1E73F60026F096 /* UIView+WebCacheOperation.m in Sources */,
				904678A31C1E73F60026F096 /* UIImage+Addtional.m in Sources */,
				9087B5501C31315A005346C4 /* DDASLLogger.m in Sources */,
				9046789D1C1E73F60026F096 /* UIButton+Addictions.m in Sources */,
				904678981C1E73F60026F096 /* NSObject-ClassName.m in Sources */,
				904678A01C1E73F60026F096 /* UIDevice+Addtional.m in Sources */,
				9087B5511C31315A005346C4 /* DDFileLogger.m in Sources */,
				904678D61C1E73F60026F096 /* SDWebImagePrefetcher.m in Sources */,
				904678BB1C1E73F60026F096 /* GTMStackTrace.m in Sources */,
				904678D71C1E73F60026F096 /* UIButton+WebCache.m in Sources */,
				904678D11C1E73F60026F096 /* SDWebImageCompat.m in Sources */,
				904678E01C1E73F60026F096 /* NSDictionary_JSONExtensions.m in Sources */,
				904678AA1C1E73F60026F096 /* AppNavigator.m in Sources */,
				90AAFD221C2C57360091E422 /* DTouchViewCell.m in Sources */,
				904677D61C1E71420026F096 /* Project_iOS.xcdatamodeld in Sources */,
				904678A41C1E73F60026F096 /* UINavigationBar+Image.m in Sources */,
				904678DB1C1E73F60026F096 /* UIImageView+HighlightedWebCache.m in Sources */,
				9087B54E1C31315A005346C4 /* DDAbstractDatabaseLogger.m in Sources */,
				90FAE7531C2A4AC300271AAA /* GuideView.m in Sources */,
				904678991C1E73F60026F096 /* NSString+NSStringEx.m in Sources */,
				908E6C2C1C1EB3FA00CDD941 /* ThirdViewController.m in Sources */,
				904678961C1E73F60026F096 /* NSDictionary+NSDictionaryExt.m in Sources */,
				90FAE7401C2952B100271AAA /* DTouchViewController.m in Sources */,
				908E6C291C1EB3EF00CDD941 /* SecondViewController.m in Sources */,
				90FAE73A1C29504A00271AAA /* FirstViewCell.m in Sources */,
				904678C81C1E73F60026F096 /* TAAnimatedDotView.m in Sources */,
				90D1FB8C1C2B0E1E0097CB1A /* RealmViewController.m in Sources */,
				904678CB1C1E73F60026F096 /* SDCollectionViewCell.m in Sources */,
				9046789B1C1E73F60026F096 /* SMS_HYZBadgeView.m in Sources */,
				904678941C1E73F60026F096 /* NSBundle+Scale.m in Sources */,
				904678CE1C1E73F60026F096 /* MKAnnotationView+WebCache.m in Sources */,
				90FAE7371C29503200271AAA /* BaseTableViewCell.m in Sources */,
				9046789C1C1E73F60026F096 /* UIBarButtonItem+Image.m in Sources */,
				904678BA1C1E73F60026F096 /* GTMBase64.m in Sources */,
				908E6C171C1EB18100CDD941 /* AppTabBarViewController.m in Sources */,
				904678D31C1E73F60026F096 /* SDWebImageDownloader.m in Sources */,
				90B2A4311C34291200739018 /* CellAutoLayoutCell.m in Sources */,
				90D1FB891C2B07D70097CB1A /* Dog.m in Sources */,
				904678D91C1E73F60026F096 /* UIImage+MultiFormat.m in Sources */,
				904678D21C1E73F60026F096 /* SDWebImageDecoder.m in Sources */,
				904677CD1C1E71420026F096 /* AppDelegate.m in Sources */,
				90B2A4341C3429C900739018 /* AutoLayoutModel.m in Sources */,
				904677CA1C1E71420026F096 /* main.m in Sources */,
				9087B5561C31315A005346C4 /* DDMultiFormatter.m in Sources */,
				90121CEE1C34E1E400D4075D /* MultiThreadViewController.m in Sources */,
				9087B5541C31315A005346C4 /* DDContextFilterLogFormatter.m in Sources */,
				904678D81C1E73F60026F096 /* UIImage+GIF.m in Sources */,
				904678951C1E73F60026F096 /* NSDate+NSDateExt.m in Sources */,
			);
			runOnlyForDeploymentPostprocessing = 0;
		};
/* End PBXSourcesBuildPhase section */

/* Begin PBXVariantGroup section */
		904677D11C1E71420026F096 /* Main.storyboard */ = {
			isa = PBXVariantGroup;
			children = (
				904677D21C1E71420026F096 /* Base */,
			);
			name = Main.storyboard;
			sourceTree = "<group>";
		};
/* End PBXVariantGroup section */

/* Begin XCBuildConfiguration section */
		904677DD1C1E71420026F096 /* Debug */ = {
			isa = XCBuildConfiguration;
			buildSettings = {
				ALWAYS_SEARCH_USER_PATHS = NO;
				CLANG_CXX_LANGUAGE_STANDARD = "gnu++0x";
				CLANG_CXX_LIBRARY = "libc++";
				CLANG_ENABLE_MODULES = YES;
				CLANG_ENABLE_OBJC_ARC = YES;
				CLANG_WARN_BOOL_CONVERSION = YES;
				CLANG_WARN_CONSTANT_CONVERSION = YES;
				CLANG_WARN_DIRECT_OBJC_ISA_USAGE = YES_ERROR;
				CLANG_WARN_EMPTY_BODY = YES;
				CLANG_WARN_ENUM_CONVERSION = YES;
				CLANG_WARN_INT_CONVERSION = YES;
				CLANG_WARN_OBJC_ROOT_CLASS = YES_ERROR;
				CLANG_WARN_UNREACHABLE_CODE = YES;
				CLANG_WARN__DUPLICATE_METHOD_MATCH = YES;
				"CODE_SIGN_IDENTITY[sdk=iphoneos*]" = "iPhone Developer";
				COPY_PHASE_STRIP = NO;
				DEBUG_INFORMATION_FORMAT = dwarf;
				ENABLE_STRICT_OBJC_MSGSEND = YES;
				ENABLE_TESTABILITY = YES;
				GCC_C_LANGUAGE_STANDARD = gnu99;
				GCC_DYNAMIC_NO_PIC = NO;
				GCC_NO_COMMON_BLOCKS = YES;
				GCC_OPTIMIZATION_LEVEL = 0;
				GCC_PREPROCESSOR_DEFINITIONS = (
					"DEBUG=1",
					"$(inherited)",
				);
				GCC_WARN_64_TO_32_BIT_CONVERSION = YES;
				GCC_WARN_ABOUT_RETURN_TYPE = YES_ERROR;
				GCC_WARN_UNDECLARED_SELECTOR = YES;
				GCC_WARN_UNINITIALIZED_AUTOS = YES_AGGRESSIVE;
				GCC_WARN_UNUSED_FUNCTION = YES;
				GCC_WARN_UNUSED_VARIABLE = YES;
				IPHONEOS_DEPLOYMENT_TARGET = 9.1;
				MTL_ENABLE_DEBUG_INFO = YES;
				ONLY_ACTIVE_ARCH = YES;
				SDKROOT = iphoneos;
				TARGETED_DEVICE_FAMILY = "1,2";
			};
			name = Debug;
		};
		904677DE1C1E71420026F096 /* Release */ = {
			isa = XCBuildConfiguration;
			buildSettings = {
				ALWAYS_SEARCH_USER_PATHS = NO;
				CLANG_CXX_LANGUAGE_STANDARD = "gnu++0x";
				CLANG_CXX_LIBRARY = "libc++";
				CLANG_ENABLE_MODULES = YES;
				CLANG_ENABLE_OBJC_ARC = YES;
				CLANG_WARN_BOOL_CONVERSION = YES;
				CLANG_WARN_CONSTANT_CONVERSION = YES;
				CLANG_WARN_DIRECT_OBJC_ISA_USAGE = YES_ERROR;
				CLANG_WARN_EMPTY_BODY = YES;
				CLANG_WARN_ENUM_CONVERSION = YES;
				CLANG_WARN_INT_CONVERSION = YES;
				CLANG_WARN_OBJC_ROOT_CLASS = YES_ERROR;
				CLANG_WARN_UNREACHABLE_CODE = YES;
				CLANG_WARN__DUPLICATE_METHOD_MATCH = YES;
				"CODE_SIGN_IDENTITY[sdk=iphoneos*]" = "iPhone Developer";
				COPY_PHASE_STRIP = NO;
				DEBUG_INFORMATION_FORMAT = "dwarf-with-dsym";
				ENABLE_NS_ASSERTIONS = NO;
				ENABLE_STRICT_OBJC_MSGSEND = YES;
				GCC_C_LANGUAGE_STANDARD = gnu99;
				GCC_NO_COMMON_BLOCKS = YES;
				GCC_WARN_64_TO_32_BIT_CONVERSION = YES;
				GCC_WARN_ABOUT_RETURN_TYPE = YES_ERROR;
				GCC_WARN_UNDECLARED_SELECTOR = YES;
				GCC_WARN_UNINITIALIZED_AUTOS = YES_AGGRESSIVE;
				GCC_WARN_UNUSED_FUNCTION = YES;
				GCC_WARN_UNUSED_VARIABLE = YES;
				IPHONEOS_DEPLOYMENT_TARGET = 9.1;
				MTL_ENABLE_DEBUG_INFO = NO;
				SDKROOT = iphoneos;
				TARGETED_DEVICE_FAMILY = "1,2";
				VALIDATE_PRODUCT = YES;
			};
			name = Release;
		};
		904677E01C1E71420026F096 /* Debug */ = {
			isa = XCBuildConfiguration;
			baseConfigurationReference = E8D45C5F42D93E98B63EF691 /* Pods.debug.xcconfig */;
			buildSettings = {
				ASSETCATALOG_COMPILER_APPICON_NAME = AppIcon;
				FRAMEWORK_SEARCH_PATHS = (
					"$(inherited)",
					"$(PROJECT_DIR)",
				);
				GCC_PREFIX_HEADER = "$(SRCROOT)/Project_iOS/PrefixHeader.pch";
				INFOPLIST_FILE = Project_iOS/Info.plist;
				IPHONEOS_DEPLOYMENT_TARGET = 8.0;
				LD_RUNPATH_SEARCH_PATHS = "$(inherited) @executable_path/Frameworks";
				PRODUCT_BUNDLE_IDENTIFIER = "liuxu.com.Project-iOS";
				PRODUCT_NAME = "$(TARGET_NAME)";
			};
			name = Debug;
		};
		904677E11C1E71420026F096 /* Release */ = {
			isa = XCBuildConfiguration;
			baseConfigurationReference = 7B8F59611FA324A4629878FD /* Pods.release.xcconfig */;
			buildSettings = {
				ASSETCATALOG_COMPILER_APPICON_NAME = AppIcon;
				FRAMEWORK_SEARCH_PATHS = (
					"$(inherited)",
					"$(PROJECT_DIR)",
				);
				GCC_PREFIX_HEADER = "$(SRCROOT)/Project_iOS/PrefixHeader.pch";
				INFOPLIST_FILE = Project_iOS/Info.plist;
				IPHONEOS_DEPLOYMENT_TARGET = 8.0;
				LD_RUNPATH_SEARCH_PATHS = "$(inherited) @executable_path/Frameworks";
				PRODUCT_BUNDLE_IDENTIFIER = "liuxu.com.Project-iOS";
				PRODUCT_NAME = "$(TARGET_NAME)";
			};
			name = Release;
		};
/* End XCBuildConfiguration section */

/* Begin XCConfigurationList section */
		904677C01C1E71420026F096 /* Build configuration list for PBXProject "Project_iOS" */ = {
			isa = XCConfigurationList;
			buildConfigurations = (
				904677DD1C1E71420026F096 /* Debug */,
				904677DE1C1E71420026F096 /* Release */,
			);
			defaultConfigurationIsVisible = 0;
			defaultConfigurationName = Release;
		};
		904677DF1C1E71420026F096 /* Build configuration list for PBXNativeTarget "Project_iOS" */ = {
			isa = XCConfigurationList;
			buildConfigurations = (
				904677E01C1E71420026F096 /* Debug */,
				904677E11C1E71420026F096 /* Release */,
			);
			defaultConfigurationIsVisible = 0;
			defaultConfigurationName = Release;
		};
/* End XCConfigurationList section */

/* Begin XCVersionGroup section */
		904677D41C1E71420026F096 /* Project_iOS.xcdatamodeld */ = {
			isa = XCVersionGroup;
			children = (
				904677D51C1E71420026F096 /* Project_iOS.xcdatamodel */,
			);
			currentVersion = 904677D51C1E71420026F096 /* Project_iOS.xcdatamodel */;
			path = Project_iOS.xcdatamodeld;
			sourceTree = "<group>";
			versionGroupType = wrapper.xcdatamodel;
		};
/* End XCVersionGroup section */
	};
	rootObject = 904677BD1C1E71420026F096 /* Project object */;
}
